
Microsoft Visual Studio Solution File, Format Version 12.00
# Visual Studio Version 16
VisualStudioVersion = 16.0.28803.156
MinimumVisualStudioVersion = 10.0.40219.1
Project("{9A19103F-16F7-4668-BE54-9A1E7A4F7556}") = "MovesensedotNetTests", "MovesensedotNetTests\MovesensedotNetTests.csproj", "{5623BF1D-2312-4286-8932-843302A1D8B1}"
EndProject
Project("{FAE04EC0-301F-11D3-BF4B-00C04F79EFBC}") = "AndroidTestRunner", "AndroidTestRunner\AndroidTestRunner.csproj", "{3BC0AC7E-3B3B-4D3F-9CC0-B2BDECC460A6}"
EndProject
Project("{FAE04EC0-301F-11D3-BF4B-00C04F79EFBC}") = "iOSTestRunner", "iOSTestRunner\iOSTestRunner.csproj", "{A941DF66-84A5-4F89-940F-E15110C84FE3}"
EndProject
Project("{FAE04EC0-301F-11D3-BF4B-00C04F79EFBC}") = "MovesensedotNetConnectionTests", "MovesensedotNetConnectionTests\MovesensedotNetConnectionTests.csproj", "{EFDCB556-73C2-4E1A-A451-2A61587092FF}"
EndProject
Global
	GlobalSection(SolutionConfigurationPlatforms) = preSolution
		Debug|Any CPU = Debug|Any CPU
		Debug|iPhone = Debug|iPhone
		Debug|iPhoneSimulator = Debug|iPhoneSimulator
		Release|Any CPU = Release|Any CPU
		Release|iPhone = Release|iPhone
		Release|iPhoneSimulator = Release|iPhoneSimulator
	EndGlobalSection
	GlobalSection(ProjectConfigurationPlatforms) = postSolution
		{5623BF1D-2312-4286-8932-843302A1D8B1}.Debug|Any CPU.ActiveCfg = Debug|Any CPU
		{5623BF1D-2312-4286-8932-843302A1D8B1}.Debug|Any CPU.Build.0 = Debug|Any CPU
		{5623BF1D-2312-4286-8932-843302A1D8B1}.Debug|iPhone.ActiveCfg = Debug|Any CPU
		{5623BF1D-2312-4286-8932-843302A1D8B1}.Debug|iPhone.Build.0 = Debug|Any CPU
		{5623BF1D-2312-4286-8932-843302A1D8B1}.Debug|iPhoneSimulator.ActiveCfg = Debug|Any CPU
		{5623BF1D-2312-4286-8932-843302A1D8B1}.Debug|iPhoneSimulator.Build.0 = Debug|Any CPU
		{5623BF1D-2312-4286-8932-843302A1D8B1}.Release|Any CPU.ActiveCfg = Release|Any CPU
		{5623BF1D-2312-4286-8932-843302A1D8B1}.Release|Any CPU.Build.0 = Release|Any CPU
		{5623BF1D-2312-4286-8932-843302A1D8B1}.Release|iPhone.ActiveCfg = Release|Any CPU
		{5623BF1D-2312-4286-8932-843302A1D8B1}.Release|iPhone.Build.0 = Release|Any CPU
		{5623BF1D-2312-4286-8932-843302A1D8B1}.Release|iPhoneSimulator.ActiveCfg = Release|Any CPU
		{5623BF1D-2312-4286-8932-843302A1D8B1}.Release|iPhoneSimulator.Build.0 = Release|Any CPU
		{3BC0AC7E-3B3B-4D3F-9CC0-B2BDECC460A6}.Debug|Any CPU.ActiveCfg = Debug|Any CPU
		{3BC0AC7E-3B3B-4D3F-9CC0-B2BDECC460A6}.Debug|Any CPU.Build.0 = Debug|Any CPU
		{3BC0AC7E-3B3B-4D3F-9CC0-B2BDECC460A6}.Debug|Any CPU.Deploy.0 = Debug|Any CPU
		{3BC0AC7E-3B3B-4D3F-9CC0-B2BDECC460A6}.Debug|iPhone.ActiveCfg = Debug|Any CPU
		{3BC0AC7E-3B3B-4D3F-9CC0-B2BDECC460A6}.Debug|iPhone.Build.0 = Debug|Any CPU
		{3BC0AC7E-3B3B-4D3F-9CC0-B2BDECC460A6}.Debug|iPhone.Deploy.0 = Debug|Any CPU
		{3BC0AC7E-3B3B-4D3F-9CC0-B2BDECC460A6}.Debug|iPhoneSimulator.ActiveCfg = Debug|Any CPU
		{3BC0AC7E-3B3B-4D3F-9CC0-B2BDECC460A6}.Debug|iPhoneSimulator.Build.0 = Debug|Any CPU
		{3BC0AC7E-3B3B-4D3F-9CC0-B2BDECC460A6}.Debug|iPhoneSimulator.Deploy.0 = Debug|Any CPU
		{3BC0AC7E-3B3B-4D3F-9CC0-B2BDECC460A6}.Release|Any CPU.ActiveCfg = Release|Any CPU
		{3BC0AC7E-3B3B-4D3F-9CC0-B2BDECC460A6}.Release|Any CPU.Build.0 = Release|Any CPU
		{3BC0AC7E-3B3B-4D3F-9CC0-B2BDECC460A6}.Release|Any CPU.Deploy.0 = Release|Any CPU
		{3BC0AC7E-3B3B-4D3F-9CC0-B2BDECC460A6}.Release|iPhone.ActiveCfg = Release|Any CPU
		{3BC0AC7E-3B3B-4D3F-9CC0-B2BDECC460A6}.Release|iPhone.Build.0 = Release|Any CPU
		{3BC0AC7E-3B3B-4D3F-9CC0-B2BDECC460A6}.Release|iPhone.Deploy.0 = Release|Any CPU
		{3BC0AC7E-3B3B-4D3F-9CC0-B2BDECC460A6}.Release|iPhoneSimulator.ActiveCfg = Release|Any CPU
		{3BC0AC7E-3B3B-4D3F-9CC0-B2BDECC460A6}.Release|iPhoneSimulator.Build.0 = Release|Any CPU
		{3BC0AC7E-3B3B-4D3F-9CC0-B2BDECC460A6}.Release|iPhoneSimulator.Deploy.0 = Release|Any CPU
		{A941DF66-84A5-4F89-940F-E15110C84FE3}.Debug|Any CPU.ActiveCfg = Debug|iPhone
		{A941DF66-84A5-4F89-940F-E15110C84FE3}.Debug|iPhone.ActiveCfg = Debug|iPhone
		{A941DF66-84A5-4F89-940F-E15110C84FE3}.Debug|iPhone.Build.0 = Debug|iPhone
		{A941DF66-84A5-4F89-940F-E15110C84FE3}.Debug|iPhoneSimulator.ActiveCfg = Debug|iPhoneSimulator
		{A941DF66-84A5-4F89-940F-E15110C84FE3}.Debug|iPhoneSimulator.Build.0 = Debug|iPhoneSimulator
		{A941DF66-84A5-4F89-940F-E15110C84FE3}.Release|Any CPU.ActiveCfg = Release|iPhone
		{A941DF66-84A5-4F89-940F-E15110C84FE3}.Release|iPhone.ActiveCfg = Release|iPhone
		{A941DF66-84A5-4F89-940F-E15110C84FE3}.Release|iPhone.Build.0 = Release|iPhone
		{A941DF66-84A5-4F89-940F-E15110C84FE3}.Release|iPhoneSimulator.ActiveCfg = Release|iPhoneSimulator
		{A941DF66-84A5-4F89-940F-E15110C84FE3}.Release|iPhoneSimulator.Build.0 = Release|iPhoneSimulator
		{EFDCB556-73C2-4E1A-A451-2A61587092FF}.Debug|Any CPU.ActiveCfg = Debug|Any CPU
		{EFDCB556-73C2-4E1A-A451-2A61587092FF}.Debug|Any CPU.Build.0 = Debug|Any CPU
		{EFDCB556-73C2-4E1A-A451-2A61587092FF}.Debug|iPhone.ActiveCfg = Debug|Any CPU
		{EFDCB556-73C2-4E1A-A451-2A61587092FF}.Debug|iPhone.Build.0 = Debug|Any CPU
		{EFDCB556-73C2-4E1A-A451-2A61587092FF}.Debug|iPhoneSimulator.ActiveCfg = Debug|Any CPU
		{EFDCB556-73C2-4E1A-A451-2A61587092FF}.Debug|iPhoneSimulator.Build.0 = Debug|Any CPU
		{EFDCB556-73C2-4E1A-A451-2A61587092FF}.Release|Any CPU.ActiveCfg = Release|Any CPU
		{EFDCB556-73C2-4E1A-A451-2A61587092FF}.Release|Any CPU.Build.0 = Release|Any CPU
		{EFDCB556-73C2-4E1A-A451-2A61587092FF}.Release|iPhone.ActiveCfg = Release|Any CPU
		{EFDCB556-73C2-4E1A-A451-2A61587092FF}.Release|iPhone.Build.0 = Release|Any CPU
		{EFDCB556-73C2-4E1A-A451-2A61587092FF}.Release|iPhoneSimulator.ActiveCfg = Release|Any CPU
		{EFDCB556-73C2-4E1A-A451-2A61587092FF}.Release|iPhoneSimulator.Build.0 = Release|Any CPU
	EndGlobalSection
	GlobalSection(SolutionProperties) = preSolution
		HideSolutionNode = FALSE
	EndGlobalSection
	GlobalSection(ExtensibilityGlobals) = postSolution
		SolutionGuid = {5964F245-EA6E-471C-BD3A-F5FE303AFBAC}
	EndGlobalSection
EndGlobal
