
Microsoft Visual Studio Solution File, Format Version 12.00
# Visual Studio Version 16
VisualStudioVersion = 16.0.30011.22
MinimumVisualStudioVersion = 10.0.40219.1
Project("{9A19103F-16F7-4668-BE54-9A1E7A4F7556}") = "Movesense", "Movesense\Movesense.csproj", "{541ED27E-1311-42C4-81B1-43AF4E6DD283}"
EndProject
Project("{2150E333-8FDC-42A3-9474-1A3956D46DE8}") = "Movesense.Library", "Movesense.Library", "{5C205704-F361-41D6-B3E7-4E8256530D93}"
EndProject
Project("{2150E333-8FDC-42A3-9474-1A3956D46DE8}") = "Movesense.Test", "Movesense.Test", "{94EB0CA7-8CD9-4CB3-A061-B15CBE18E150}"
EndProject
Project("{2150E333-8FDC-42A3-9474-1A3956D46DE8}") = "BasicApp", "BasicApp", "{1817F7D0-83BE-4B5C-9F52-D693AD04A2D7}"
EndProject
Project("{D954291E-2A0B-460D-934E-DC6B0785DB48}") = "MovesenseDemo", "Movesense.Test\BasicApp\MovesenseDemo\MovesenseDemo.shproj", "{287653CA-411D-4FD6-A006-015DB6922EB2}"
EndProject
Project("{FAE04EC0-301F-11D3-BF4B-00C04F79EFBC}") = "MovesenseDemo.Android", "Movesense.Test\BasicApp\MovesenseDemo.Android\MovesenseDemo.Android.csproj", "{AEF7BCBF-C8E4-4F4E-85DB-B37080455812}"
EndProject
Project("{FAE04EC0-301F-11D3-BF4B-00C04F79EFBC}") = "MovesenseDemo.iOS", "Movesense.Test\BasicApp\MovesenseDemo.iOS\MovesenseDemo.iOS.csproj", "{E8538777-1FCF-415A-97EB-5CA767315D03}"
EndProject
Project("{2150E333-8FDC-42A3-9474-1A3956D46DE8}") = "MovesenseTestingAndroid", "MovesenseTestingAndroid", "{F326E0BC-06AF-4BBF-931C-9359CD69412E}"
EndProject
Project("{FAE04EC0-301F-11D3-BF4B-00C04F79EFBC}") = "MovesenseTestingAndroid", "Movesense.Test\MovesenseTestingAndroid\MovesenseTestingAndroid.csproj", "{5EB1C72E-968C-496C-BCEC-E8B70440892B}"
EndProject
Project("{2150E333-8FDC-42A3-9474-1A3956D46DE8}") = "MovesenseTestingiOS", "MovesenseTestingiOS", "{B68E2024-41BA-49A9-BD64-1C9ABA582894}"
EndProject
Project("{FAE04EC0-301F-11D3-BF4B-00C04F79EFBC}") = "MovesenseTestingiOS", "Movesense.Test\MovesenseTestingiOS\MovesenseTestingiOS.csproj", "{FDD2D6C3-599E-4549-8F11-2079946B7518}"
EndProject
Project("{2150E333-8FDC-42A3-9474-1A3956D46DE8}") = "UnitTests", "UnitTests", "{6359CF0C-75D9-4664-B2D0-101F185553C1}"
EndProject
Project("{FAE04EC0-301F-11D3-BF4B-00C04F79EFBC}") = "AndroidTestRunner", "Movesense.Test\UnitTests\AndroidTestRunner\AndroidTestRunner.csproj", "{3BC0AC7E-3B3B-4D3F-9CC0-B2BDECC460A6}"
EndProject
Project("{FAE04EC0-301F-11D3-BF4B-00C04F79EFBC}") = "iOSTestRunner", "Movesense.Test\UnitTests\iOSTestRunner\iOSTestRunner.csproj", "{A941DF66-84A5-4F89-940F-E15110C84FE3}"
EndProject
Project("{FAE04EC0-301F-11D3-BF4B-00C04F79EFBC}") = "MovesenseConnectionTestsAndroid", "Movesense.Test\UnitTests\MovesenseConnectionTestsAndroid\MovesenseConnectionTestsAndroid.csproj", "{3BE4EB72-3D4F-40B2-B618-805979C432E4}"
EndProject
Project("{FAE04EC0-301F-11D3-BF4B-00C04F79EFBC}") = "MovesenseTestsAndroid", "Movesense.Test\UnitTests\MovesenseTestsAndroid\MovesenseTestsAndroid.csproj", "{51D4ADA9-21F4-47DA-A5AB-7595352C0B4E}"
EndProject
Project("{FAE04EC0-301F-11D3-BF4B-00C04F79EFBC}") = "MovesenseConnectionTestsiOS", "Movesense.Test\UnitTests\MovesenseConnectionTestsiOS\MovesenseConnectionTestsiOS.csproj", "{00E75A13-A991-4894-8BF5-B7E0DA141C70}"
EndProject
Project("{FAE04EC0-301F-11D3-BF4B-00C04F79EFBC}") = "MovesenseTestsiOS", "Movesense.Test\UnitTests\MovesenseTestsiOS\MovesenseTestsiOS.csproj", "{9A3CFCFE-F6ED-4EAC-9B12-033F5B82B0D7}"
EndProject
Global
	GlobalSection(SharedMSBuildProjectFiles) = preSolution
		Movesense.Test\BasicApp\MovesenseDemo\MovesenseDemo.projitems*{287653ca-411d-4fd6-a006-015db6922eb2}*SharedItemsImports = 13
		Movesense.Test\BasicApp\MovesenseDemo\MovesenseDemo.projitems*{aef7bcbf-c8e4-4f4e-85db-b37080455812}*SharedItemsImports = 4
		Movesense.Test\BasicApp\MovesenseDemo\MovesenseDemo.projitems*{e8538777-1fcf-415a-97eb-5ca767315d03}*SharedItemsImports = 4
	EndGlobalSection
	GlobalSection(SolutionConfigurationPlatforms) = preSolution
		Ad-Hoc|Any CPU = Ad-Hoc|Any CPU
		Ad-Hoc|iPhone = Ad-Hoc|iPhone
		Ad-Hoc|iPhoneSimulator = Ad-Hoc|iPhoneSimulator
		AppStore|Any CPU = AppStore|Any CPU
		AppStore|iPhone = AppStore|iPhone
		AppStore|iPhoneSimulator = AppStore|iPhoneSimulator
		Debug|Any CPU = Debug|Any CPU
		Debug|iPhone = Debug|iPhone
		Debug|iPhoneSimulator = Debug|iPhoneSimulator
		Release|Any CPU = Release|Any CPU
		Release|iPhone = Release|iPhone
		Release|iPhoneSimulator = Release|iPhoneSimulator
	EndGlobalSection
	GlobalSection(ProjectConfigurationPlatforms) = postSolution
		{541ED27E-1311-42C4-81B1-43AF4E6DD283}.Ad-Hoc|Any CPU.ActiveCfg = Release|Any CPU
		{541ED27E-1311-42C4-81B1-43AF4E6DD283}.Ad-Hoc|Any CPU.Build.0 = Release|Any CPU
		{541ED27E-1311-42C4-81B1-43AF4E6DD283}.Ad-Hoc|iPhone.ActiveCfg = Release|Any CPU
		{541ED27E-1311-42C4-81B1-43AF4E6DD283}.Ad-Hoc|iPhone.Build.0 = Release|Any CPU
		{541ED27E-1311-42C4-81B1-43AF4E6DD283}.Ad-Hoc|iPhoneSimulator.ActiveCfg = Release|Any CPU
		{541ED27E-1311-42C4-81B1-43AF4E6DD283}.Ad-Hoc|iPhoneSimulator.Build.0 = Release|Any CPU
		{541ED27E-1311-42C4-81B1-43AF4E6DD283}.AppStore|Any CPU.ActiveCfg = Release|Any CPU
		{541ED27E-1311-42C4-81B1-43AF4E6DD283}.AppStore|Any CPU.Build.0 = Release|Any CPU
		{541ED27E-1311-42C4-81B1-43AF4E6DD283}.AppStore|iPhone.ActiveCfg = Release|Any CPU
		{541ED27E-1311-42C4-81B1-43AF4E6DD283}.AppStore|iPhone.Build.0 = Release|Any CPU
		{541ED27E-1311-42C4-81B1-43AF4E6DD283}.AppStore|iPhoneSimulator.ActiveCfg = Release|Any CPU
		{541ED27E-1311-42C4-81B1-43AF4E6DD283}.AppStore|iPhoneSimulator.Build.0 = Release|Any CPU
		{541ED27E-1311-42C4-81B1-43AF4E6DD283}.Debug|Any CPU.ActiveCfg = Debug|Any CPU
		{541ED27E-1311-42C4-81B1-43AF4E6DD283}.Debug|Any CPU.Build.0 = Debug|Any CPU
		{541ED27E-1311-42C4-81B1-43AF4E6DD283}.Debug|iPhone.ActiveCfg = Debug|Any CPU
		{541ED27E-1311-42C4-81B1-43AF4E6DD283}.Debug|iPhone.Build.0 = Debug|Any CPU
		{541ED27E-1311-42C4-81B1-43AF4E6DD283}.Debug|iPhoneSimulator.ActiveCfg = Debug|Any CPU
		{541ED27E-1311-42C4-81B1-43AF4E6DD283}.Debug|iPhoneSimulator.Build.0 = Debug|Any CPU
		{541ED27E-1311-42C4-81B1-43AF4E6DD283}.Release|Any CPU.ActiveCfg = Release|Any CPU
		{541ED27E-1311-42C4-81B1-43AF4E6DD283}.Release|Any CPU.Build.0 = Release|Any CPU
		{541ED27E-1311-42C4-81B1-43AF4E6DD283}.Release|iPhone.ActiveCfg = Release|Any CPU
		{541ED27E-1311-42C4-81B1-43AF4E6DD283}.Release|iPhone.Build.0 = Release|Any CPU
		{541ED27E-1311-42C4-81B1-43AF4E6DD283}.Release|iPhoneSimulator.ActiveCfg = Release|Any CPU
		{541ED27E-1311-42C4-81B1-43AF4E6DD283}.Release|iPhoneSimulator.Build.0 = Release|Any CPU
		{AEF7BCBF-C8E4-4F4E-85DB-B37080455812}.Ad-Hoc|Any CPU.ActiveCfg = Release|Any CPU
		{AEF7BCBF-C8E4-4F4E-85DB-B37080455812}.Ad-Hoc|Any CPU.Build.0 = Release|Any CPU
		{AEF7BCBF-C8E4-4F4E-85DB-B37080455812}.Ad-Hoc|Any CPU.Deploy.0 = Release|Any CPU
		{AEF7BCBF-C8E4-4F4E-85DB-B37080455812}.Ad-Hoc|iPhone.ActiveCfg = Release|Any CPU
		{AEF7BCBF-C8E4-4F4E-85DB-B37080455812}.Ad-Hoc|iPhone.Build.0 = Release|Any CPU
		{AEF7BCBF-C8E4-4F4E-85DB-B37080455812}.Ad-Hoc|iPhone.Deploy.0 = Release|Any CPU
		{AEF7BCBF-C8E4-4F4E-85DB-B37080455812}.Ad-Hoc|iPhoneSimulator.ActiveCfg = Release|Any CPU
		{AEF7BCBF-C8E4-4F4E-85DB-B37080455812}.Ad-Hoc|iPhoneSimulator.Build.0 = Release|Any CPU
		{AEF7BCBF-C8E4-4F4E-85DB-B37080455812}.Ad-Hoc|iPhoneSimulator.Deploy.0 = Release|Any CPU
		{AEF7BCBF-C8E4-4F4E-85DB-B37080455812}.AppStore|Any CPU.ActiveCfg = Release|Any CPU
		{AEF7BCBF-C8E4-4F4E-85DB-B37080455812}.AppStore|Any CPU.Build.0 = Release|Any CPU
		{AEF7BCBF-C8E4-4F4E-85DB-B37080455812}.AppStore|Any CPU.Deploy.0 = Release|Any CPU
		{AEF7BCBF-C8E4-4F4E-85DB-B37080455812}.AppStore|iPhone.ActiveCfg = Release|Any CPU
		{AEF7BCBF-C8E4-4F4E-85DB-B37080455812}.AppStore|iPhone.Build.0 = Release|Any CPU
		{AEF7BCBF-C8E4-4F4E-85DB-B37080455812}.AppStore|iPhone.Deploy.0 = Release|Any CPU
		{AEF7BCBF-C8E4-4F4E-85DB-B37080455812}.AppStore|iPhoneSimulator.ActiveCfg = Release|Any CPU
		{AEF7BCBF-C8E4-4F4E-85DB-B37080455812}.AppStore|iPhoneSimulator.Build.0 = Release|Any CPU
		{AEF7BCBF-C8E4-4F4E-85DB-B37080455812}.AppStore|iPhoneSimulator.Deploy.0 = Release|Any CPU
		{AEF7BCBF-C8E4-4F4E-85DB-B37080455812}.Debug|Any CPU.ActiveCfg = Debug|Any CPU
		{AEF7BCBF-C8E4-4F4E-85DB-B37080455812}.Debug|Any CPU.Build.0 = Debug|Any CPU
		{AEF7BCBF-C8E4-4F4E-85DB-B37080455812}.Debug|Any CPU.Deploy.0 = Debug|Any CPU
		{AEF7BCBF-C8E4-4F4E-85DB-B37080455812}.Debug|iPhone.ActiveCfg = Debug|Any CPU
		{AEF7BCBF-C8E4-4F4E-85DB-B37080455812}.Debug|iPhone.Build.0 = Debug|Any CPU
		{AEF7BCBF-C8E4-4F4E-85DB-B37080455812}.Debug|iPhone.Deploy.0 = Debug|Any CPU
		{AEF7BCBF-C8E4-4F4E-85DB-B37080455812}.Debug|iPhoneSimulator.ActiveCfg = Debug|Any CPU
		{AEF7BCBF-C8E4-4F4E-85DB-B37080455812}.Debug|iPhoneSimulator.Build.0 = Debug|Any CPU
		{AEF7BCBF-C8E4-4F4E-85DB-B37080455812}.Debug|iPhoneSimulator.Deploy.0 = Debug|Any CPU
		{AEF7BCBF-C8E4-4F4E-85DB-B37080455812}.Release|Any CPU.ActiveCfg = Release|Any CPU
		{AEF7BCBF-C8E4-4F4E-85DB-B37080455812}.Release|Any CPU.Build.0 = Release|Any CPU
		{AEF7BCBF-C8E4-4F4E-85DB-B37080455812}.Release|Any CPU.Deploy.0 = Release|Any CPU
		{AEF7BCBF-C8E4-4F4E-85DB-B37080455812}.Release|iPhone.ActiveCfg = Release|Any CPU
		{AEF7BCBF-C8E4-4F4E-85DB-B37080455812}.Release|iPhone.Build.0 = Release|Any CPU
		{AEF7BCBF-C8E4-4F4E-85DB-B37080455812}.Release|iPhone.Deploy.0 = Release|Any CPU
		{AEF7BCBF-C8E4-4F4E-85DB-B37080455812}.Release|iPhoneSimulator.ActiveCfg = Release|Any CPU
		{AEF7BCBF-C8E4-4F4E-85DB-B37080455812}.Release|iPhoneSimulator.Build.0 = Release|Any CPU
		{AEF7BCBF-C8E4-4F4E-85DB-B37080455812}.Release|iPhoneSimulator.Deploy.0 = Release|Any CPU
		{E8538777-1FCF-415A-97EB-5CA767315D03}.Ad-Hoc|Any CPU.ActiveCfg = Ad-Hoc|iPhone
		{E8538777-1FCF-415A-97EB-5CA767315D03}.Ad-Hoc|iPhone.ActiveCfg = Ad-Hoc|iPhone
		{E8538777-1FCF-415A-97EB-5CA767315D03}.Ad-Hoc|iPhone.Build.0 = Ad-Hoc|iPhone
		{E8538777-1FCF-415A-97EB-5CA767315D03}.Ad-Hoc|iPhoneSimulator.ActiveCfg = Ad-Hoc|iPhoneSimulator
		{E8538777-1FCF-415A-97EB-5CA767315D03}.Ad-Hoc|iPhoneSimulator.Build.0 = Ad-Hoc|iPhoneSimulator
		{E8538777-1FCF-415A-97EB-5CA767315D03}.AppStore|Any CPU.ActiveCfg = AppStore|iPhone
		{E8538777-1FCF-415A-97EB-5CA767315D03}.AppStore|iPhone.ActiveCfg = AppStore|iPhone
		{E8538777-1FCF-415A-97EB-5CA767315D03}.AppStore|iPhone.Build.0 = AppStore|iPhone
		{E8538777-1FCF-415A-97EB-5CA767315D03}.AppStore|iPhoneSimulator.ActiveCfg = AppStore|iPhoneSimulator
		{E8538777-1FCF-415A-97EB-5CA767315D03}.AppStore|iPhoneSimulator.Build.0 = AppStore|iPhoneSimulator
		{E8538777-1FCF-415A-97EB-5CA767315D03}.Debug|Any CPU.ActiveCfg = Debug|iPhone
		{E8538777-1FCF-415A-97EB-5CA767315D03}.Debug|iPhone.ActiveCfg = Debug|iPhone
		{E8538777-1FCF-415A-97EB-5CA767315D03}.Debug|iPhone.Build.0 = Debug|iPhone
		{E8538777-1FCF-415A-97EB-5CA767315D03}.Debug|iPhone.Deploy.0 = Debug|iPhone
		{E8538777-1FCF-415A-97EB-5CA767315D03}.Debug|iPhoneSimulator.ActiveCfg = Debug|iPhoneSimulator
		{E8538777-1FCF-415A-97EB-5CA767315D03}.Debug|iPhoneSimulator.Build.0 = Debug|iPhoneSimulator
		{E8538777-1FCF-415A-97EB-5CA767315D03}.Release|Any CPU.ActiveCfg = Release|iPhone
		{E8538777-1FCF-415A-97EB-5CA767315D03}.Release|iPhone.ActiveCfg = Release|iPhone
		{E8538777-1FCF-415A-97EB-5CA767315D03}.Release|iPhone.Build.0 = Release|iPhone
		{E8538777-1FCF-415A-97EB-5CA767315D03}.Release|iPhone.Deploy.0 = Release|iPhone
		{E8538777-1FCF-415A-97EB-5CA767315D03}.Release|iPhoneSimulator.ActiveCfg = Release|iPhoneSimulator
		{E8538777-1FCF-415A-97EB-5CA767315D03}.Release|iPhoneSimulator.Build.0 = Release|iPhoneSimulator
		{5EB1C72E-968C-496C-BCEC-E8B70440892B}.Ad-Hoc|Any CPU.ActiveCfg = Release|Any CPU
		{5EB1C72E-968C-496C-BCEC-E8B70440892B}.Ad-Hoc|Any CPU.Build.0 = Release|Any CPU
		{5EB1C72E-968C-496C-BCEC-E8B70440892B}.Ad-Hoc|iPhone.ActiveCfg = Release|Any CPU
		{5EB1C72E-968C-496C-BCEC-E8B70440892B}.Ad-Hoc|iPhone.Build.0 = Release|Any CPU
		{5EB1C72E-968C-496C-BCEC-E8B70440892B}.Ad-Hoc|iPhoneSimulator.ActiveCfg = Release|Any CPU
		{5EB1C72E-968C-496C-BCEC-E8B70440892B}.Ad-Hoc|iPhoneSimulator.Build.0 = Release|Any CPU
		{5EB1C72E-968C-496C-BCEC-E8B70440892B}.AppStore|Any CPU.ActiveCfg = Release|Any CPU
		{5EB1C72E-968C-496C-BCEC-E8B70440892B}.AppStore|Any CPU.Build.0 = Release|Any CPU
		{5EB1C72E-968C-496C-BCEC-E8B70440892B}.AppStore|iPhone.ActiveCfg = Release|Any CPU
		{5EB1C72E-968C-496C-BCEC-E8B70440892B}.AppStore|iPhone.Build.0 = Release|Any CPU
		{5EB1C72E-968C-496C-BCEC-E8B70440892B}.AppStore|iPhoneSimulator.ActiveCfg = Release|Any CPU
		{5EB1C72E-968C-496C-BCEC-E8B70440892B}.AppStore|iPhoneSimulator.Build.0 = Release|Any CPU
		{5EB1C72E-968C-496C-BCEC-E8B70440892B}.Debug|Any CPU.ActiveCfg = Debug|Any CPU
		{5EB1C72E-968C-496C-BCEC-E8B70440892B}.Debug|Any CPU.Build.0 = Debug|Any CPU
		{5EB1C72E-968C-496C-BCEC-E8B70440892B}.Debug|iPhone.ActiveCfg = Debug|Any CPU
		{5EB1C72E-968C-496C-BCEC-E8B70440892B}.Debug|iPhone.Build.0 = Debug|Any CPU
		{5EB1C72E-968C-496C-BCEC-E8B70440892B}.Debug|iPhoneSimulator.ActiveCfg = Debug|Any CPU
		{5EB1C72E-968C-496C-BCEC-E8B70440892B}.Debug|iPhoneSimulator.Build.0 = Debug|Any CPU
		{5EB1C72E-968C-496C-BCEC-E8B70440892B}.Release|Any CPU.ActiveCfg = Release|Any CPU
		{5EB1C72E-968C-496C-BCEC-E8B70440892B}.Release|Any CPU.Build.0 = Release|Any CPU
		{5EB1C72E-968C-496C-BCEC-E8B70440892B}.Release|iPhone.ActiveCfg = Release|Any CPU
		{5EB1C72E-968C-496C-BCEC-E8B70440892B}.Release|iPhone.Build.0 = Release|Any CPU
		{5EB1C72E-968C-496C-BCEC-E8B70440892B}.Release|iPhoneSimulator.ActiveCfg = Release|Any CPU
		{5EB1C72E-968C-496C-BCEC-E8B70440892B}.Release|iPhoneSimulator.Build.0 = Release|Any CPU
		{FDD2D6C3-599E-4549-8F11-2079946B7518}.Ad-Hoc|Any CPU.ActiveCfg = Release|Any CPU
		{FDD2D6C3-599E-4549-8F11-2079946B7518}.Ad-Hoc|Any CPU.Build.0 = Release|Any CPU
		{FDD2D6C3-599E-4549-8F11-2079946B7518}.Ad-Hoc|iPhone.ActiveCfg = Release|Any CPU
		{FDD2D6C3-599E-4549-8F11-2079946B7518}.Ad-Hoc|iPhone.Build.0 = Release|Any CPU
		{FDD2D6C3-599E-4549-8F11-2079946B7518}.Ad-Hoc|iPhoneSimulator.ActiveCfg = Release|Any CPU
		{FDD2D6C3-599E-4549-8F11-2079946B7518}.Ad-Hoc|iPhoneSimulator.Build.0 = Release|Any CPU
		{FDD2D6C3-599E-4549-8F11-2079946B7518}.AppStore|Any CPU.ActiveCfg = Release|Any CPU
		{FDD2D6C3-599E-4549-8F11-2079946B7518}.AppStore|Any CPU.Build.0 = Release|Any CPU
		{FDD2D6C3-599E-4549-8F11-2079946B7518}.AppStore|iPhone.ActiveCfg = Release|Any CPU
		{FDD2D6C3-599E-4549-8F11-2079946B7518}.AppStore|iPhone.Build.0 = Release|Any CPU
		{FDD2D6C3-599E-4549-8F11-2079946B7518}.AppStore|iPhoneSimulator.ActiveCfg = Release|Any CPU
		{FDD2D6C3-599E-4549-8F11-2079946B7518}.AppStore|iPhoneSimulator.Build.0 = Release|Any CPU
		{FDD2D6C3-599E-4549-8F11-2079946B7518}.Debug|Any CPU.ActiveCfg = Debug|Any CPU
		{FDD2D6C3-599E-4549-8F11-2079946B7518}.Debug|Any CPU.Build.0 = Debug|Any CPU
		{FDD2D6C3-599E-4549-8F11-2079946B7518}.Debug|iPhone.ActiveCfg = Debug|Any CPU
		{FDD2D6C3-599E-4549-8F11-2079946B7518}.Debug|iPhone.Build.0 = Debug|Any CPU
		{FDD2D6C3-599E-4549-8F11-2079946B7518}.Debug|iPhoneSimulator.ActiveCfg = Debug|Any CPU
		{FDD2D6C3-599E-4549-8F11-2079946B7518}.Debug|iPhoneSimulator.Build.0 = Debug|Any CPU
		{FDD2D6C3-599E-4549-8F11-2079946B7518}.Release|Any CPU.ActiveCfg = Release|Any CPU
		{FDD2D6C3-599E-4549-8F11-2079946B7518}.Release|Any CPU.Build.0 = Release|Any CPU
		{FDD2D6C3-599E-4549-8F11-2079946B7518}.Release|iPhone.ActiveCfg = Release|Any CPU
		{FDD2D6C3-599E-4549-8F11-2079946B7518}.Release|iPhone.Build.0 = Release|Any CPU
		{FDD2D6C3-599E-4549-8F11-2079946B7518}.Release|iPhoneSimulator.ActiveCfg = Release|Any CPU
		{FDD2D6C3-599E-4549-8F11-2079946B7518}.Release|iPhoneSimulator.Build.0 = Release|Any CPU
		{3BC0AC7E-3B3B-4D3F-9CC0-B2BDECC460A6}.Ad-Hoc|Any CPU.ActiveCfg = Release|Any CPU
		{3BC0AC7E-3B3B-4D3F-9CC0-B2BDECC460A6}.Ad-Hoc|Any CPU.Build.0 = Release|Any CPU
		{3BC0AC7E-3B3B-4D3F-9CC0-B2BDECC460A6}.Ad-Hoc|Any CPU.Deploy.0 = Release|Any CPU
		{3BC0AC7E-3B3B-4D3F-9CC0-B2BDECC460A6}.Ad-Hoc|iPhone.ActiveCfg = Release|Any CPU
		{3BC0AC7E-3B3B-4D3F-9CC0-B2BDECC460A6}.Ad-Hoc|iPhone.Build.0 = Release|Any CPU
		{3BC0AC7E-3B3B-4D3F-9CC0-B2BDECC460A6}.Ad-Hoc|iPhone.Deploy.0 = Release|Any CPU
		{3BC0AC7E-3B3B-4D3F-9CC0-B2BDECC460A6}.Ad-Hoc|iPhoneSimulator.ActiveCfg = Release|Any CPU
		{3BC0AC7E-3B3B-4D3F-9CC0-B2BDECC460A6}.Ad-Hoc|iPhoneSimulator.Build.0 = Release|Any CPU
		{3BC0AC7E-3B3B-4D3F-9CC0-B2BDECC460A6}.Ad-Hoc|iPhoneSimulator.Deploy.0 = Release|Any CPU
		{3BC0AC7E-3B3B-4D3F-9CC0-B2BDECC460A6}.AppStore|Any CPU.ActiveCfg = Release|Any CPU
		{3BC0AC7E-3B3B-4D3F-9CC0-B2BDECC460A6}.AppStore|Any CPU.Build.0 = Release|Any CPU
		{3BC0AC7E-3B3B-4D3F-9CC0-B2BDECC460A6}.AppStore|Any CPU.Deploy.0 = Release|Any CPU
		{3BC0AC7E-3B3B-4D3F-9CC0-B2BDECC460A6}.AppStore|iPhone.ActiveCfg = Release|Any CPU
		{3BC0AC7E-3B3B-4D3F-9CC0-B2BDECC460A6}.AppStore|iPhone.Build.0 = Release|Any CPU
		{3BC0AC7E-3B3B-4D3F-9CC0-B2BDECC460A6}.AppStore|iPhone.Deploy.0 = Release|Any CPU
		{3BC0AC7E-3B3B-4D3F-9CC0-B2BDECC460A6}.AppStore|iPhoneSimulator.ActiveCfg = Release|Any CPU
		{3BC0AC7E-3B3B-4D3F-9CC0-B2BDECC460A6}.AppStore|iPhoneSimulator.Build.0 = Release|Any CPU
		{3BC0AC7E-3B3B-4D3F-9CC0-B2BDECC460A6}.AppStore|iPhoneSimulator.Deploy.0 = Release|Any CPU
		{3BC0AC7E-3B3B-4D3F-9CC0-B2BDECC460A6}.Debug|Any CPU.ActiveCfg = Debug|Any CPU
		{3BC0AC7E-3B3B-4D3F-9CC0-B2BDECC460A6}.Debug|Any CPU.Build.0 = Debug|Any CPU
		{3BC0AC7E-3B3B-4D3F-9CC0-B2BDECC460A6}.Debug|Any CPU.Deploy.0 = Debug|Any CPU
		{3BC0AC7E-3B3B-4D3F-9CC0-B2BDECC460A6}.Debug|iPhone.ActiveCfg = Debug|Any CPU
		{3BC0AC7E-3B3B-4D3F-9CC0-B2BDECC460A6}.Debug|iPhone.Build.0 = Debug|Any CPU
		{3BC0AC7E-3B3B-4D3F-9CC0-B2BDECC460A6}.Debug|iPhone.Deploy.0 = Debug|Any CPU
		{3BC0AC7E-3B3B-4D3F-9CC0-B2BDECC460A6}.Debug|iPhoneSimulator.ActiveCfg = Debug|Any CPU
		{3BC0AC7E-3B3B-4D3F-9CC0-B2BDECC460A6}.Debug|iPhoneSimulator.Build.0 = Debug|Any CPU
		{3BC0AC7E-3B3B-4D3F-9CC0-B2BDECC460A6}.Debug|iPhoneSimulator.Deploy.0 = Debug|Any CPU
		{3BC0AC7E-3B3B-4D3F-9CC0-B2BDECC460A6}.Release|Any CPU.ActiveCfg = Release|Any CPU
		{3BC0AC7E-3B3B-4D3F-9CC0-B2BDECC460A6}.Release|Any CPU.Build.0 = Release|Any CPU
		{3BC0AC7E-3B3B-4D3F-9CC0-B2BDECC460A6}.Release|Any CPU.Deploy.0 = Release|Any CPU
		{3BC0AC7E-3B3B-4D3F-9CC0-B2BDECC460A6}.Release|iPhone.ActiveCfg = Release|Any CPU
		{3BC0AC7E-3B3B-4D3F-9CC0-B2BDECC460A6}.Release|iPhone.Build.0 = Release|Any CPU
		{3BC0AC7E-3B3B-4D3F-9CC0-B2BDECC460A6}.Release|iPhone.Deploy.0 = Release|Any CPU
		{3BC0AC7E-3B3B-4D3F-9CC0-B2BDECC460A6}.Release|iPhoneSimulator.ActiveCfg = Release|Any CPU
		{3BC0AC7E-3B3B-4D3F-9CC0-B2BDECC460A6}.Release|iPhoneSimulator.Build.0 = Release|Any CPU
		{3BC0AC7E-3B3B-4D3F-9CC0-B2BDECC460A6}.Release|iPhoneSimulator.Deploy.0 = Release|Any CPU
		{A941DF66-84A5-4F89-940F-E15110C84FE3}.Ad-Hoc|Any CPU.ActiveCfg = Release|iPhone
		{A941DF66-84A5-4F89-940F-E15110C84FE3}.Ad-Hoc|Any CPU.Build.0 = Release|iPhone
		{A941DF66-84A5-4F89-940F-E15110C84FE3}.Ad-Hoc|iPhone.ActiveCfg = Release|iPhone
		{A941DF66-84A5-4F89-940F-E15110C84FE3}.Ad-Hoc|iPhone.Build.0 = Release|iPhone
		{A941DF66-84A5-4F89-940F-E15110C84FE3}.Ad-Hoc|iPhoneSimulator.ActiveCfg = Release|iPhoneSimulator
		{A941DF66-84A5-4F89-940F-E15110C84FE3}.Ad-Hoc|iPhoneSimulator.Build.0 = Release|iPhoneSimulator
		{A941DF66-84A5-4F89-940F-E15110C84FE3}.AppStore|Any CPU.ActiveCfg = Release|iPhone
		{A941DF66-84A5-4F89-940F-E15110C84FE3}.AppStore|Any CPU.Build.0 = Release|iPhone
		{A941DF66-84A5-4F89-940F-E15110C84FE3}.AppStore|iPhone.ActiveCfg = Release|iPhone
		{A941DF66-84A5-4F89-940F-E15110C84FE3}.AppStore|iPhone.Build.0 = Release|iPhone
		{A941DF66-84A5-4F89-940F-E15110C84FE3}.AppStore|iPhoneSimulator.ActiveCfg = Release|iPhoneSimulator
		{A941DF66-84A5-4F89-940F-E15110C84FE3}.AppStore|iPhoneSimulator.Build.0 = Release|iPhoneSimulator
		{A941DF66-84A5-4F89-940F-E15110C84FE3}.Debug|Any CPU.ActiveCfg = Debug|iPhone
		{A941DF66-84A5-4F89-940F-E15110C84FE3}.Debug|iPhone.ActiveCfg = Debug|iPhone
		{A941DF66-84A5-4F89-940F-E15110C84FE3}.Debug|iPhone.Build.0 = Debug|iPhone
		{A941DF66-84A5-4F89-940F-E15110C84FE3}.Debug|iPhone.Deploy.0 = Debug|iPhone
		{A941DF66-84A5-4F89-940F-E15110C84FE3}.Debug|iPhoneSimulator.ActiveCfg = Debug|iPhoneSimulator
		{A941DF66-84A5-4F89-940F-E15110C84FE3}.Debug|iPhoneSimulator.Build.0 = Debug|iPhoneSimulator
		{A941DF66-84A5-4F89-940F-E15110C84FE3}.Release|Any CPU.ActiveCfg = Release|iPhone
		{A941DF66-84A5-4F89-940F-E15110C84FE3}.Release|iPhone.ActiveCfg = Release|iPhone
		{A941DF66-84A5-4F89-940F-E15110C84FE3}.Release|iPhone.Build.0 = Release|iPhone
		{A941DF66-84A5-4F89-940F-E15110C84FE3}.Release|iPhone.Deploy.0 = Release|iPhone
		{A941DF66-84A5-4F89-940F-E15110C84FE3}.Release|iPhoneSimulator.ActiveCfg = Release|iPhoneSimulator
		{A941DF66-84A5-4F89-940F-E15110C84FE3}.Release|iPhoneSimulator.Build.0 = Release|iPhoneSimulator
		{3BE4EB72-3D4F-40B2-B618-805979C432E4}.Ad-Hoc|Any CPU.ActiveCfg = Release|Any CPU
		{3BE4EB72-3D4F-40B2-B618-805979C432E4}.Ad-Hoc|Any CPU.Build.0 = Release|Any CPU
		{3BE4EB72-3D4F-40B2-B618-805979C432E4}.Ad-Hoc|iPhone.ActiveCfg = Release|Any CPU
		{3BE4EB72-3D4F-40B2-B618-805979C432E4}.Ad-Hoc|iPhone.Build.0 = Release|Any CPU
		{3BE4EB72-3D4F-40B2-B618-805979C432E4}.Ad-Hoc|iPhoneSimulator.ActiveCfg = Release|Any CPU
		{3BE4EB72-3D4F-40B2-B618-805979C432E4}.Ad-Hoc|iPhoneSimulator.Build.0 = Release|Any CPU
		{3BE4EB72-3D4F-40B2-B618-805979C432E4}.AppStore|Any CPU.ActiveCfg = Release|Any CPU
		{3BE4EB72-3D4F-40B2-B618-805979C432E4}.AppStore|Any CPU.Build.0 = Release|Any CPU
		{3BE4EB72-3D4F-40B2-B618-805979C432E4}.AppStore|iPhone.ActiveCfg = Release|Any CPU
		{3BE4EB72-3D4F-40B2-B618-805979C432E4}.AppStore|iPhone.Build.0 = Release|Any CPU
		{3BE4EB72-3D4F-40B2-B618-805979C432E4}.AppStore|iPhoneSimulator.ActiveCfg = Release|Any CPU
		{3BE4EB72-3D4F-40B2-B618-805979C432E4}.AppStore|iPhoneSimulator.Build.0 = Release|Any CPU
		{3BE4EB72-3D4F-40B2-B618-805979C432E4}.Debug|Any CPU.ActiveCfg = Debug|Any CPU
		{3BE4EB72-3D4F-40B2-B618-805979C432E4}.Debug|Any CPU.Build.0 = Debug|Any CPU
		{3BE4EB72-3D4F-40B2-B618-805979C432E4}.Debug|iPhone.ActiveCfg = Debug|Any CPU
		{3BE4EB72-3D4F-40B2-B618-805979C432E4}.Debug|iPhone.Build.0 = Debug|Any CPU
		{3BE4EB72-3D4F-40B2-B618-805979C432E4}.Debug|iPhoneSimulator.ActiveCfg = Debug|Any CPU
		{3BE4EB72-3D4F-40B2-B618-805979C432E4}.Debug|iPhoneSimulator.Build.0 = Debug|Any CPU
		{3BE4EB72-3D4F-40B2-B618-805979C432E4}.Release|Any CPU.ActiveCfg = Release|Any CPU
		{3BE4EB72-3D4F-40B2-B618-805979C432E4}.Release|Any CPU.Build.0 = Release|Any CPU
		{3BE4EB72-3D4F-40B2-B618-805979C432E4}.Release|iPhone.ActiveCfg = Release|Any CPU
		{3BE4EB72-3D4F-40B2-B618-805979C432E4}.Release|iPhone.Build.0 = Release|Any CPU
		{3BE4EB72-3D4F-40B2-B618-805979C432E4}.Release|iPhoneSimulator.ActiveCfg = Release|Any CPU
		{3BE4EB72-3D4F-40B2-B618-805979C432E4}.Release|iPhoneSimulator.Build.0 = Release|Any CPU
		{51D4ADA9-21F4-47DA-A5AB-7595352C0B4E}.Ad-Hoc|Any CPU.ActiveCfg = Release|Any CPU
		{51D4ADA9-21F4-47DA-A5AB-7595352C0B4E}.Ad-Hoc|Any CPU.Build.0 = Release|Any CPU
		{51D4ADA9-21F4-47DA-A5AB-7595352C0B4E}.Ad-Hoc|iPhone.ActiveCfg = Release|Any CPU
		{51D4ADA9-21F4-47DA-A5AB-7595352C0B4E}.Ad-Hoc|iPhone.Build.0 = Release|Any CPU
		{51D4ADA9-21F4-47DA-A5AB-7595352C0B4E}.Ad-Hoc|iPhoneSimulator.ActiveCfg = Release|Any CPU
		{51D4ADA9-21F4-47DA-A5AB-7595352C0B4E}.Ad-Hoc|iPhoneSimulator.Build.0 = Release|Any CPU
		{51D4ADA9-21F4-47DA-A5AB-7595352C0B4E}.AppStore|Any CPU.ActiveCfg = Release|Any CPU
		{51D4ADA9-21F4-47DA-A5AB-7595352C0B4E}.AppStore|Any CPU.Build.0 = Release|Any CPU
		{51D4ADA9-21F4-47DA-A5AB-7595352C0B4E}.AppStore|iPhone.ActiveCfg = Release|Any CPU
		{51D4ADA9-21F4-47DA-A5AB-7595352C0B4E}.AppStore|iPhone.Build.0 = Release|Any CPU
		{51D4ADA9-21F4-47DA-A5AB-7595352C0B4E}.AppStore|iPhoneSimulator.ActiveCfg = Release|Any CPU
		{51D4ADA9-21F4-47DA-A5AB-7595352C0B4E}.AppStore|iPhoneSimulator.Build.0 = Release|Any CPU
		{51D4ADA9-21F4-47DA-A5AB-7595352C0B4E}.Debug|Any CPU.ActiveCfg = Debug|Any CPU
		{51D4ADA9-21F4-47DA-A5AB-7595352C0B4E}.Debug|Any CPU.Build.0 = Debug|Any CPU
		{51D4ADA9-21F4-47DA-A5AB-7595352C0B4E}.Debug|iPhone.ActiveCfg = Debug|Any CPU
		{51D4ADA9-21F4-47DA-A5AB-7595352C0B4E}.Debug|iPhone.Build.0 = Debug|Any CPU
		{51D4ADA9-21F4-47DA-A5AB-7595352C0B4E}.Debug|iPhoneSimulator.ActiveCfg = Debug|Any CPU
		{51D4ADA9-21F4-47DA-A5AB-7595352C0B4E}.Debug|iPhoneSimulator.Build.0 = Debug|Any CPU
		{51D4ADA9-21F4-47DA-A5AB-7595352C0B4E}.Release|Any CPU.ActiveCfg = Release|Any CPU
		{51D4ADA9-21F4-47DA-A5AB-7595352C0B4E}.Release|Any CPU.Build.0 = Release|Any CPU
		{51D4ADA9-21F4-47DA-A5AB-7595352C0B4E}.Release|iPhone.ActiveCfg = Release|Any CPU
		{51D4ADA9-21F4-47DA-A5AB-7595352C0B4E}.Release|iPhone.Build.0 = Release|Any CPU
		{51D4ADA9-21F4-47DA-A5AB-7595352C0B4E}.Release|iPhoneSimulator.ActiveCfg = Release|Any CPU
		{51D4ADA9-21F4-47DA-A5AB-7595352C0B4E}.Release|iPhoneSimulator.Build.0 = Release|Any CPU
		{00E75A13-A991-4894-8BF5-B7E0DA141C70}.Ad-Hoc|Any CPU.ActiveCfg = Release|Any CPU
		{00E75A13-A991-4894-8BF5-B7E0DA141C70}.Ad-Hoc|Any CPU.Build.0 = Release|Any CPU
		{00E75A13-A991-4894-8BF5-B7E0DA141C70}.Ad-Hoc|iPhone.ActiveCfg = Release|Any CPU
		{00E75A13-A991-4894-8BF5-B7E0DA141C70}.Ad-Hoc|iPhone.Build.0 = Release|Any CPU
		{00E75A13-A991-4894-8BF5-B7E0DA141C70}.Ad-Hoc|iPhoneSimulator.ActiveCfg = Release|Any CPU
		{00E75A13-A991-4894-8BF5-B7E0DA141C70}.Ad-Hoc|iPhoneSimulator.Build.0 = Release|Any CPU
		{00E75A13-A991-4894-8BF5-B7E0DA141C70}.AppStore|Any CPU.ActiveCfg = Release|Any CPU
		{00E75A13-A991-4894-8BF5-B7E0DA141C70}.AppStore|Any CPU.Build.0 = Release|Any CPU
		{00E75A13-A991-4894-8BF5-B7E0DA141C70}.AppStore|iPhone.ActiveCfg = Release|Any CPU
		{00E75A13-A991-4894-8BF5-B7E0DA141C70}.AppStore|iPhone.Build.0 = Release|Any CPU
		{00E75A13-A991-4894-8BF5-B7E0DA141C70}.AppStore|iPhoneSimulator.ActiveCfg = Release|Any CPU
		{00E75A13-A991-4894-8BF5-B7E0DA141C70}.AppStore|iPhoneSimulator.Build.0 = Release|Any CPU
		{00E75A13-A991-4894-8BF5-B7E0DA141C70}.Debug|Any CPU.ActiveCfg = Debug|Any CPU
		{00E75A13-A991-4894-8BF5-B7E0DA141C70}.Debug|Any CPU.Build.0 = Debug|Any CPU
		{00E75A13-A991-4894-8BF5-B7E0DA141C70}.Debug|iPhone.ActiveCfg = Debug|Any CPU
		{00E75A13-A991-4894-8BF5-B7E0DA141C70}.Debug|iPhone.Build.0 = Debug|Any CPU
		{00E75A13-A991-4894-8BF5-B7E0DA141C70}.Debug|iPhoneSimulator.ActiveCfg = Debug|Any CPU
		{00E75A13-A991-4894-8BF5-B7E0DA141C70}.Debug|iPhoneSimulator.Build.0 = Debug|Any CPU
		{00E75A13-A991-4894-8BF5-B7E0DA141C70}.Release|Any CPU.ActiveCfg = Release|Any CPU
		{00E75A13-A991-4894-8BF5-B7E0DA141C70}.Release|Any CPU.Build.0 = Release|Any CPU
		{00E75A13-A991-4894-8BF5-B7E0DA141C70}.Release|iPhone.ActiveCfg = Release|Any CPU
		{00E75A13-A991-4894-8BF5-B7E0DA141C70}.Release|iPhone.Build.0 = Release|Any CPU
		{00E75A13-A991-4894-8BF5-B7E0DA141C70}.Release|iPhoneSimulator.ActiveCfg = Release|Any CPU
		{00E75A13-A991-4894-8BF5-B7E0DA141C70}.Release|iPhoneSimulator.Build.0 = Release|Any CPU
		{9A3CFCFE-F6ED-4EAC-9B12-033F5B82B0D7}.Ad-Hoc|Any CPU.ActiveCfg = Release|Any CPU
		{9A3CFCFE-F6ED-4EAC-9B12-033F5B82B0D7}.Ad-Hoc|Any CPU.Build.0 = Release|Any CPU
		{9A3CFCFE-F6ED-4EAC-9B12-033F5B82B0D7}.Ad-Hoc|iPhone.ActiveCfg = Release|Any CPU
		{9A3CFCFE-F6ED-4EAC-9B12-033F5B82B0D7}.Ad-Hoc|iPhone.Build.0 = Release|Any CPU
		{9A3CFCFE-F6ED-4EAC-9B12-033F5B82B0D7}.Ad-Hoc|iPhoneSimulator.ActiveCfg = Release|Any CPU
		{9A3CFCFE-F6ED-4EAC-9B12-033F5B82B0D7}.Ad-Hoc|iPhoneSimulator.Build.0 = Release|Any CPU
		{9A3CFCFE-F6ED-4EAC-9B12-033F5B82B0D7}.AppStore|Any CPU.ActiveCfg = Release|Any CPU
		{9A3CFCFE-F6ED-4EAC-9B12-033F5B82B0D7}.AppStore|Any CPU.Build.0 = Release|Any CPU
		{9A3CFCFE-F6ED-4EAC-9B12-033F5B82B0D7}.AppStore|iPhone.ActiveCfg = Release|Any CPU
		{9A3CFCFE-F6ED-4EAC-9B12-033F5B82B0D7}.AppStore|iPhone.Build.0 = Release|Any CPU
		{9A3CFCFE-F6ED-4EAC-9B12-033F5B82B0D7}.AppStore|iPhoneSimulator.ActiveCfg = Release|Any CPU
		{9A3CFCFE-F6ED-4EAC-9B12-033F5B82B0D7}.AppStore|iPhoneSimulator.Build.0 = Release|Any CPU
		{9A3CFCFE-F6ED-4EAC-9B12-033F5B82B0D7}.Debug|Any CPU.ActiveCfg = Debug|Any CPU
		{9A3CFCFE-F6ED-4EAC-9B12-033F5B82B0D7}.Debug|Any CPU.Build.0 = Debug|Any CPU
		{9A3CFCFE-F6ED-4EAC-9B12-033F5B82B0D7}.Debug|iPhone.ActiveCfg = Debug|Any CPU
		{9A3CFCFE-F6ED-4EAC-9B12-033F5B82B0D7}.Debug|iPhone.Build.0 = Debug|Any CPU
		{9A3CFCFE-F6ED-4EAC-9B12-033F5B82B0D7}.Debug|iPhoneSimulator.ActiveCfg = Debug|Any CPU
		{9A3CFCFE-F6ED-4EAC-9B12-033F5B82B0D7}.Debug|iPhoneSimulator.Build.0 = Debug|Any CPU
		{9A3CFCFE-F6ED-4EAC-9B12-033F5B82B0D7}.Release|Any CPU.ActiveCfg = Release|Any CPU
		{9A3CFCFE-F6ED-4EAC-9B12-033F5B82B0D7}.Release|Any CPU.Build.0 = Release|Any CPU
		{9A3CFCFE-F6ED-4EAC-9B12-033F5B82B0D7}.Release|iPhone.ActiveCfg = Release|Any CPU
		{9A3CFCFE-F6ED-4EAC-9B12-033F5B82B0D7}.Release|iPhone.Build.0 = Release|Any CPU
		{9A3CFCFE-F6ED-4EAC-9B12-033F5B82B0D7}.Release|iPhoneSimulator.ActiveCfg = Release|Any CPU
		{9A3CFCFE-F6ED-4EAC-9B12-033F5B82B0D7}.Release|iPhoneSimulator.Build.0 = Release|Any CPU
	EndGlobalSection
	GlobalSection(SolutionProperties) = preSolution
		HideSolutionNode = FALSE
	EndGlobalSection
	GlobalSection(NestedProjects) = preSolution
		{541ED27E-1311-42C4-81B1-43AF4E6DD283} = {5C205704-F361-41D6-B3E7-4E8256530D93}
		{1817F7D0-83BE-4B5C-9F52-D693AD04A2D7} = {94EB0CA7-8CD9-4CB3-A061-B15CBE18E150}
		{287653CA-411D-4FD6-A006-015DB6922EB2} = {1817F7D0-83BE-4B5C-9F52-D693AD04A2D7}
		{AEF7BCBF-C8E4-4F4E-85DB-B37080455812} = {1817F7D0-83BE-4B5C-9F52-D693AD04A2D7}
		{E8538777-1FCF-415A-97EB-5CA767315D03} = {1817F7D0-83BE-4B5C-9F52-D693AD04A2D7}
		{F326E0BC-06AF-4BBF-931C-9359CD69412E} = {94EB0CA7-8CD9-4CB3-A061-B15CBE18E150}
		{5EB1C72E-968C-496C-BCEC-E8B70440892B} = {F326E0BC-06AF-4BBF-931C-9359CD69412E}
		{B68E2024-41BA-49A9-BD64-1C9ABA582894} = {94EB0CA7-8CD9-4CB3-A061-B15CBE18E150}
		{FDD2D6C3-599E-4549-8F11-2079946B7518} = {B68E2024-41BA-49A9-BD64-1C9ABA582894}
		{6359CF0C-75D9-4664-B2D0-101F185553C1} = {94EB0CA7-8CD9-4CB3-A061-B15CBE18E150}
		{3BC0AC7E-3B3B-4D3F-9CC0-B2BDECC460A6} = {6359CF0C-75D9-4664-B2D0-101F185553C1}
		{A941DF66-84A5-4F89-940F-E15110C84FE3} = {6359CF0C-75D9-4664-B2D0-101F185553C1}
		{3BE4EB72-3D4F-40B2-B618-805979C432E4} = {6359CF0C-75D9-4664-B2D0-101F185553C1}
		{51D4ADA9-21F4-47DA-A5AB-7595352C0B4E} = {6359CF0C-75D9-4664-B2D0-101F185553C1}
		{00E75A13-A991-4894-8BF5-B7E0DA141C70} = {6359CF0C-75D9-4664-B2D0-101F185553C1}
		{9A3CFCFE-F6ED-4EAC-9B12-033F5B82B0D7} = {6359CF0C-75D9-4664-B2D0-101F185553C1}
	EndGlobalSection
	GlobalSection(ExtensibilityGlobals) = postSolution
		SolutionGuid = {E30D949D-F574-4977-B2E8-6FE329423DCF}
	EndGlobalSection
EndGlobal
