
Microsoft Visual Studio Solution File, Format Version 12.00
# Visual Studio Version 16
VisualStudioVersion = 16.0.28315.86
MinimumVisualStudioVersion = 10.0.40219.1
Project("{D954291E-2A0B-460D-934E-DC6B0785DB48}") = "MovesenseDemo", "MovesenseDemo\MovesenseDemo.shproj", "{287653CA-411D-4FD6-A006-015DB6922EB2}"
EndProject
Project("{FAE04EC0-301F-11D3-BF4B-00C04F79EFBC}") = "MovesenseDemo.iOS", "MovesenseDemo.iOS\MovesenseDemo.iOS.csproj", "{E8538777-1FCF-415A-97EB-5CA767315D03}"
EndProject
Project("{FAE04EC0-301F-11D3-BF4B-00C04F79EFBC}") = "MovesenseDemo.Android", "MovesenseDemo.Android\MovesenseDemo.Android.csproj", "{AEF7BCBF-C8E4-4F4E-85DB-B37080455812}"
EndProject
Global
	GlobalSection(SharedMSBuildProjectFiles) = preSolution
		MovesenseDemo\MovesenseDemo.projitems*{287653ca-411d-4fd6-a006-015db6922eb2}*SharedItemsImports = 13
		MovesenseDemo\MovesenseDemo.projitems*{aef7bcbf-c8e4-4f4e-85db-b37080455812}*SharedItemsImports = 4
		MovesenseDemo\MovesenseDemo.projitems*{e8538777-1fcf-415a-97eb-5ca767315d03}*SharedItemsImports = 4
	EndGlobalSection
	GlobalSection(SolutionConfigurationPlatforms) = preSolution
		Ad-Hoc|Any CPU = Ad-Hoc|Any CPU
		Ad-Hoc|iPhone = Ad-Hoc|iPhone
		Ad-Hoc|iPhoneSimulator = Ad-Hoc|iPhoneSimulator
		AppStore|Any CPU = AppStore|Any CPU
		AppStore|iPhone = AppStore|iPhone
		AppStore|iPhoneSimulator = AppStore|iPhoneSimulator
		Debug|Any CPU = Debug|Any CPU
		Debug|iPhone = Debug|iPhone
		Debug|iPhoneSimulator = Debug|iPhoneSimulator
		Release|Any CPU = Release|Any CPU
		Release|iPhone = Release|iPhone
		Release|iPhoneSimulator = Release|iPhoneSimulator
	EndGlobalSection
	GlobalSection(ProjectConfigurationPlatforms) = postSolution
		{E8538777-1FCF-415A-97EB-5CA767315D03}.Ad-Hoc|Any CPU.ActiveCfg = Ad-Hoc|iPhone
		{E8538777-1FCF-415A-97EB-5CA767315D03}.Ad-Hoc|iPhone.ActiveCfg = Ad-Hoc|iPhone
		{E8538777-1FCF-415A-97EB-5CA767315D03}.Ad-Hoc|iPhone.Build.0 = Ad-Hoc|iPhone
		{E8538777-1FCF-415A-97EB-5CA767315D03}.Ad-Hoc|iPhoneSimulator.ActiveCfg = Ad-Hoc|iPhoneSimulator
		{E8538777-1FCF-415A-97EB-5CA767315D03}.Ad-Hoc|iPhoneSimulator.Build.0 = Ad-Hoc|iPhoneSimulator
		{E8538777-1FCF-415A-97EB-5CA767315D03}.AppStore|Any CPU.ActiveCfg = AppStore|iPhone
		{E8538777-1FCF-415A-97EB-5CA767315D03}.AppStore|iPhone.ActiveCfg = AppStore|iPhone
		{E8538777-1FCF-415A-97EB-5CA767315D03}.AppStore|iPhone.Build.0 = AppStore|iPhone
		{E8538777-1FCF-415A-97EB-5CA767315D03}.AppStore|iPhoneSimulator.ActiveCfg = AppStore|iPhoneSimulator
		{E8538777-1FCF-415A-97EB-5CA767315D03}.AppStore|iPhoneSimulator.Build.0 = AppStore|iPhoneSimulator
		{E8538777-1FCF-415A-97EB-5CA767315D03}.Debug|Any CPU.ActiveCfg = Debug|iPhone
		{E8538777-1FCF-415A-97EB-5CA767315D03}.Debug|iPhone.ActiveCfg = Debug|iPhone
		{E8538777-1FCF-415A-97EB-5CA767315D03}.Debug|iPhone.Build.0 = Debug|iPhone
		{E8538777-1FCF-415A-97EB-5CA767315D03}.Debug|iPhoneSimulator.ActiveCfg = Debug|iPhoneSimulator
		{E8538777-1FCF-415A-97EB-5CA767315D03}.Debug|iPhoneSimulator.Build.0 = Debug|iPhoneSimulator
		{E8538777-1FCF-415A-97EB-5CA767315D03}.Release|Any CPU.ActiveCfg = Release|iPhone
		{E8538777-1FCF-415A-97EB-5CA767315D03}.Release|iPhone.ActiveCfg = Release|iPhone
		{E8538777-1FCF-415A-97EB-5CA767315D03}.Release|iPhone.Build.0 = Release|iPhone
		{E8538777-1FCF-415A-97EB-5CA767315D03}.Release|iPhoneSimulator.ActiveCfg = Release|iPhoneSimulator
		{E8538777-1FCF-415A-97EB-5CA767315D03}.Release|iPhoneSimulator.Build.0 = Release|iPhoneSimulator
		{AEF7BCBF-C8E4-4F4E-85DB-B37080455812}.Ad-Hoc|Any CPU.ActiveCfg = Release|Any CPU
		{AEF7BCBF-C8E4-4F4E-85DB-B37080455812}.Ad-Hoc|Any CPU.Build.0 = Release|Any CPU
		{AEF7BCBF-C8E4-4F4E-85DB-B37080455812}.Ad-Hoc|Any CPU.Deploy.0 = Release|Any CPU
		{AEF7BCBF-C8E4-4F4E-85DB-B37080455812}.Ad-Hoc|iPhone.ActiveCfg = Release|Any CPU
		{AEF7BCBF-C8E4-4F4E-85DB-B37080455812}.Ad-Hoc|iPhone.Build.0 = Release|Any CPU
		{AEF7BCBF-C8E4-4F4E-85DB-B37080455812}.Ad-Hoc|iPhone.Deploy.0 = Release|Any CPU
		{AEF7BCBF-C8E4-4F4E-85DB-B37080455812}.Ad-Hoc|iPhoneSimulator.ActiveCfg = Release|Any CPU
		{AEF7BCBF-C8E4-4F4E-85DB-B37080455812}.Ad-Hoc|iPhoneSimulator.Build.0 = Release|Any CPU
		{AEF7BCBF-C8E4-4F4E-85DB-B37080455812}.Ad-Hoc|iPhoneSimulator.Deploy.0 = Release|Any CPU
		{AEF7BCBF-C8E4-4F4E-85DB-B37080455812}.AppStore|Any CPU.ActiveCfg = Release|Any CPU
		{AEF7BCBF-C8E4-4F4E-85DB-B37080455812}.AppStore|Any CPU.Build.0 = Release|Any CPU
		{AEF7BCBF-C8E4-4F4E-85DB-B37080455812}.AppStore|Any CPU.Deploy.0 = Release|Any CPU
		{AEF7BCBF-C8E4-4F4E-85DB-B37080455812}.AppStore|iPhone.ActiveCfg = Release|Any CPU
		{AEF7BCBF-C8E4-4F4E-85DB-B37080455812}.AppStore|iPhone.Build.0 = Release|Any CPU
		{AEF7BCBF-C8E4-4F4E-85DB-B37080455812}.AppStore|iPhone.Deploy.0 = Release|Any CPU
		{AEF7BCBF-C8E4-4F4E-85DB-B37080455812}.AppStore|iPhoneSimulator.ActiveCfg = Release|Any CPU
		{AEF7BCBF-C8E4-4F4E-85DB-B37080455812}.AppStore|iPhoneSimulator.Build.0 = Release|Any CPU
		{AEF7BCBF-C8E4-4F4E-85DB-B37080455812}.AppStore|iPhoneSimulator.Deploy.0 = Release|Any CPU
		{AEF7BCBF-C8E4-4F4E-85DB-B37080455812}.Debug|Any CPU.ActiveCfg = Debug|Any CPU
		{AEF7BCBF-C8E4-4F4E-85DB-B37080455812}.Debug|Any CPU.Build.0 = Debug|Any CPU
		{AEF7BCBF-C8E4-4F4E-85DB-B37080455812}.Debug|Any CPU.Deploy.0 = Debug|Any CPU
		{AEF7BCBF-C8E4-4F4E-85DB-B37080455812}.Debug|iPhone.ActiveCfg = Debug|Any CPU
		{AEF7BCBF-C8E4-4F4E-85DB-B37080455812}.Debug|iPhone.Build.0 = Debug|Any CPU
		{AEF7BCBF-C8E4-4F4E-85DB-B37080455812}.Debug|iPhone.Deploy.0 = Debug|Any CPU
		{AEF7BCBF-C8E4-4F4E-85DB-B37080455812}.Debug|iPhoneSimulator.ActiveCfg = Debug|Any CPU
		{AEF7BCBF-C8E4-4F4E-85DB-B37080455812}.Debug|iPhoneSimulator.Build.0 = Debug|Any CPU
		{AEF7BCBF-C8E4-4F4E-85DB-B37080455812}.Debug|iPhoneSimulator.Deploy.0 = Debug|Any CPU
		{AEF7BCBF-C8E4-4F4E-85DB-B37080455812}.Release|Any CPU.ActiveCfg = Release|Any CPU
		{AEF7BCBF-C8E4-4F4E-85DB-B37080455812}.Release|Any CPU.Build.0 = Release|Any CPU
		{AEF7BCBF-C8E4-4F4E-85DB-B37080455812}.Release|Any CPU.Deploy.0 = Release|Any CPU
		{AEF7BCBF-C8E4-4F4E-85DB-B37080455812}.Release|iPhone.ActiveCfg = Release|Any CPU
		{AEF7BCBF-C8E4-4F4E-85DB-B37080455812}.Release|iPhone.Build.0 = Release|Any CPU
		{AEF7BCBF-C8E4-4F4E-85DB-B37080455812}.Release|iPhone.Deploy.0 = Release|Any CPU
		{AEF7BCBF-C8E4-4F4E-85DB-B37080455812}.Release|iPhoneSimulator.ActiveCfg = Release|Any CPU
		{AEF7BCBF-C8E4-4F4E-85DB-B37080455812}.Release|iPhoneSimulator.Build.0 = Release|Any CPU
		{AEF7BCBF-C8E4-4F4E-85DB-B37080455812}.Release|iPhoneSimulator.Deploy.0 = Release|Any CPU
	EndGlobalSection
	GlobalSection(SolutionProperties) = preSolution
		HideSolutionNode = FALSE
	EndGlobalSection
	GlobalSection(ExtensibilityGlobals) = postSolution
		SolutionGuid = {32C9F446-F603-42D7-B74A-37272605616E}
	EndGlobalSection
EndGlobal
