
Microsoft Visual Studio Solution File, Format Version 12.00
# Visual Studio Version 16
VisualStudioVersion = 16.0.28315.86
MinimumVisualStudioVersion = 10.0.40219.1
Project("{D954291E-2A0B-460D-934E-DC6B0785DB48}") = "SampleApp", "SampleApp\SampleApp\SampleApp.shproj", "{D2C56DBC-90D4-43B3-ADAE-051DA8EB3691}"
EndProject
Project("{FAE04EC0-301F-11D3-BF4B-00C04F79EFBC}") = "SampleApp.iOS", "SampleApp\SampleApp.iOS\SampleApp.iOS.csproj", "{1A397B2C-6F07-4430-A033-75700A443B9B}"
EndProject
Project("{FAE04EC0-301F-11D3-BF4B-00C04F79EFBC}") = "SampleApp.Android", "SampleApp\SampleApp.Android\SampleApp.Android.csproj", "{E1CA5910-B6CA-4B11-977B-C2DD973A3E62}"
EndProject
Global
	GlobalSection(SharedMSBuildProjectFiles) = preSolution
		SampleApp\SampleApp\SampleApp.projitems*{1a397b2c-6f07-4430-a033-75700a443b9b}*SharedItemsImports = 4
		SampleApp\SampleApp\SampleApp.projitems*{d2c56dbc-90d4-43b3-adae-051da8eb3691}*SharedItemsImports = 13
		SampleApp\SampleApp\SampleApp.projitems*{e1ca5910-b6ca-4b11-977b-c2dd973a3e62}*SharedItemsImports = 4
	EndGlobalSection
	GlobalSection(SolutionConfigurationPlatforms) = preSolution
		Ad-Hoc|Any CPU = Ad-Hoc|Any CPU
		Ad-Hoc|ARM = Ad-Hoc|ARM
		Ad-Hoc|iPhone = Ad-Hoc|iPhone
		Ad-Hoc|iPhoneSimulator = Ad-Hoc|iPhoneSimulator
		Ad-Hoc|x64 = Ad-Hoc|x64
		Ad-Hoc|x86 = Ad-Hoc|x86
		AppStore|Any CPU = AppStore|Any CPU
		AppStore|ARM = AppStore|ARM
		AppStore|iPhone = AppStore|iPhone
		AppStore|iPhoneSimulator = AppStore|iPhoneSimulator
		AppStore|x64 = AppStore|x64
		AppStore|x86 = AppStore|x86
		Debug|Any CPU = Debug|Any CPU
		Debug|ARM = Debug|ARM
		Debug|iPhone = Debug|iPhone
		Debug|iPhoneSimulator = Debug|iPhoneSimulator
		Debug|x64 = Debug|x64
		Debug|x86 = Debug|x86
		Release|Any CPU = Release|Any CPU
		Release|ARM = Release|ARM
		Release|iPhone = Release|iPhone
		Release|iPhoneSimulator = Release|iPhoneSimulator
		Release|x64 = Release|x64
		Release|x86 = Release|x86
	EndGlobalSection
	GlobalSection(ProjectConfigurationPlatforms) = postSolution
		{1A397B2C-6F07-4430-A033-75700A443B9B}.Ad-Hoc|Any CPU.ActiveCfg = Ad-Hoc|iPhone
		{1A397B2C-6F07-4430-A033-75700A443B9B}.Ad-Hoc|Any CPU.Build.0 = Ad-Hoc|iPhone
		{1A397B2C-6F07-4430-A033-75700A443B9B}.Ad-Hoc|ARM.ActiveCfg = Ad-Hoc|iPhone
		{1A397B2C-6F07-4430-A033-75700A443B9B}.Ad-Hoc|ARM.Build.0 = Ad-Hoc|iPhone
		{1A397B2C-6F07-4430-A033-75700A443B9B}.Ad-Hoc|iPhone.ActiveCfg = Ad-Hoc|iPhone
		{1A397B2C-6F07-4430-A033-75700A443B9B}.Ad-Hoc|iPhone.Build.0 = Ad-Hoc|iPhone
		{1A397B2C-6F07-4430-A033-75700A443B9B}.Ad-Hoc|iPhoneSimulator.ActiveCfg = Debug|iPhoneSimulator
		{1A397B2C-6F07-4430-A033-75700A443B9B}.Ad-Hoc|iPhoneSimulator.Build.0 = Debug|iPhoneSimulator
		{1A397B2C-6F07-4430-A033-75700A443B9B}.Ad-Hoc|x64.ActiveCfg = Ad-Hoc|iPhone
		{1A397B2C-6F07-4430-A033-75700A443B9B}.Ad-Hoc|x64.Build.0 = Ad-Hoc|iPhone
		{1A397B2C-6F07-4430-A033-75700A443B9B}.Ad-Hoc|x86.ActiveCfg = Ad-Hoc|iPhone
		{1A397B2C-6F07-4430-A033-75700A443B9B}.Ad-Hoc|x86.Build.0 = Ad-Hoc|iPhone
		{1A397B2C-6F07-4430-A033-75700A443B9B}.AppStore|Any CPU.ActiveCfg = AppStore|iPhone
		{1A397B2C-6F07-4430-A033-75700A443B9B}.AppStore|Any CPU.Build.0 = AppStore|iPhone
		{1A397B2C-6F07-4430-A033-75700A443B9B}.AppStore|ARM.ActiveCfg = AppStore|iPhone
		{1A397B2C-6F07-4430-A033-75700A443B9B}.AppStore|ARM.Build.0 = AppStore|iPhone
		{1A397B2C-6F07-4430-A033-75700A443B9B}.AppStore|iPhone.ActiveCfg = AppStore|iPhone
		{1A397B2C-6F07-4430-A033-75700A443B9B}.AppStore|iPhone.Build.0 = AppStore|iPhone
		{1A397B2C-6F07-4430-A033-75700A443B9B}.AppStore|iPhoneSimulator.ActiveCfg = Debug|iPhoneSimulator
		{1A397B2C-6F07-4430-A033-75700A443B9B}.AppStore|iPhoneSimulator.Build.0 = Debug|iPhoneSimulator
		{1A397B2C-6F07-4430-A033-75700A443B9B}.AppStore|x64.ActiveCfg = AppStore|iPhone
		{1A397B2C-6F07-4430-A033-75700A443B9B}.AppStore|x64.Build.0 = AppStore|iPhone
		{1A397B2C-6F07-4430-A033-75700A443B9B}.AppStore|x86.ActiveCfg = AppStore|iPhone
		{1A397B2C-6F07-4430-A033-75700A443B9B}.AppStore|x86.Build.0 = AppStore|iPhone
		{1A397B2C-6F07-4430-A033-75700A443B9B}.Debug|Any CPU.ActiveCfg = Debug|iPhoneSimulator
		{1A397B2C-6F07-4430-A033-75700A443B9B}.Debug|Any CPU.Build.0 = Debug|iPhoneSimulator
		{1A397B2C-6F07-4430-A033-75700A443B9B}.Debug|ARM.ActiveCfg = Debug|iPhoneSimulator
		{1A397B2C-6F07-4430-A033-75700A443B9B}.Debug|ARM.Build.0 = Debug|iPhoneSimulator
		{1A397B2C-6F07-4430-A033-75700A443B9B}.Debug|iPhone.ActiveCfg = Debug|iPhone
		{1A397B2C-6F07-4430-A033-75700A443B9B}.Debug|iPhone.Build.0 = Debug|iPhone
		{1A397B2C-6F07-4430-A033-75700A443B9B}.Debug|iPhoneSimulator.ActiveCfg = Debug|iPhoneSimulator
		{1A397B2C-6F07-4430-A033-75700A443B9B}.Debug|iPhoneSimulator.Build.0 = Debug|iPhoneSimulator
		{1A397B2C-6F07-4430-A033-75700A443B9B}.Debug|x64.ActiveCfg = Debug|iPhoneSimulator
		{1A397B2C-6F07-4430-A033-75700A443B9B}.Debug|x64.Build.0 = Debug|iPhoneSimulator
		{1A397B2C-6F07-4430-A033-75700A443B9B}.Debug|x86.ActiveCfg = Debug|iPhoneSimulator
		{1A397B2C-6F07-4430-A033-75700A443B9B}.Debug|x86.Build.0 = Debug|iPhoneSimulator
		{1A397B2C-6F07-4430-A033-75700A443B9B}.Release|Any CPU.ActiveCfg = Release|iPhoneSimulator
		{1A397B2C-6F07-4430-A033-75700A443B9B}.Release|Any CPU.Build.0 = Release|iPhoneSimulator
		{1A397B2C-6F07-4430-A033-75700A443B9B}.Release|ARM.ActiveCfg = Release|iPhoneSimulator
		{1A397B2C-6F07-4430-A033-75700A443B9B}.Release|ARM.Build.0 = Release|iPhoneSimulator
		{1A397B2C-6F07-4430-A033-75700A443B9B}.Release|iPhone.ActiveCfg = Release|iPhone
		{1A397B2C-6F07-4430-A033-75700A443B9B}.Release|iPhone.Build.0 = Release|iPhone
		{1A397B2C-6F07-4430-A033-75700A443B9B}.Release|iPhoneSimulator.ActiveCfg = Release|iPhoneSimulator
		{1A397B2C-6F07-4430-A033-75700A443B9B}.Release|iPhoneSimulator.Build.0 = Release|iPhoneSimulator
		{1A397B2C-6F07-4430-A033-75700A443B9B}.Release|x64.ActiveCfg = Release|iPhoneSimulator
		{1A397B2C-6F07-4430-A033-75700A443B9B}.Release|x64.Build.0 = Release|iPhoneSimulator
		{1A397B2C-6F07-4430-A033-75700A443B9B}.Release|x86.ActiveCfg = Release|iPhoneSimulator
		{1A397B2C-6F07-4430-A033-75700A443B9B}.Release|x86.Build.0 = Release|iPhoneSimulator
		{E1CA5910-B6CA-4B11-977B-C2DD973A3E62}.Ad-Hoc|Any CPU.ActiveCfg = Release|Any CPU
		{E1CA5910-B6CA-4B11-977B-C2DD973A3E62}.Ad-Hoc|Any CPU.Build.0 = Release|Any CPU
		{E1CA5910-B6CA-4B11-977B-C2DD973A3E62}.Ad-Hoc|Any CPU.Deploy.0 = Release|Any CPU
		{E1CA5910-B6CA-4B11-977B-C2DD973A3E62}.Ad-Hoc|ARM.ActiveCfg = Release|Any CPU
		{E1CA5910-B6CA-4B11-977B-C2DD973A3E62}.Ad-Hoc|ARM.Build.0 = Release|Any CPU
		{E1CA5910-B6CA-4B11-977B-C2DD973A3E62}.Ad-Hoc|ARM.Deploy.0 = Release|Any CPU
		{E1CA5910-B6CA-4B11-977B-C2DD973A3E62}.Ad-Hoc|iPhone.ActiveCfg = Release|Any CPU
		{E1CA5910-B6CA-4B11-977B-C2DD973A3E62}.Ad-Hoc|iPhone.Build.0 = Release|Any CPU
		{E1CA5910-B6CA-4B11-977B-C2DD973A3E62}.Ad-Hoc|iPhone.Deploy.0 = Release|Any CPU
		{E1CA5910-B6CA-4B11-977B-C2DD973A3E62}.Ad-Hoc|iPhoneSimulator.ActiveCfg = Release|Any CPU
		{E1CA5910-B6CA-4B11-977B-C2DD973A3E62}.Ad-Hoc|iPhoneSimulator.Build.0 = Release|Any CPU
		{E1CA5910-B6CA-4B11-977B-C2DD973A3E62}.Ad-Hoc|iPhoneSimulator.Deploy.0 = Release|Any CPU
		{E1CA5910-B6CA-4B11-977B-C2DD973A3E62}.Ad-Hoc|x64.ActiveCfg = Release|Any CPU
		{E1CA5910-B6CA-4B11-977B-C2DD973A3E62}.Ad-Hoc|x64.Build.0 = Release|Any CPU
		{E1CA5910-B6CA-4B11-977B-C2DD973A3E62}.Ad-Hoc|x64.Deploy.0 = Release|Any CPU
		{E1CA5910-B6CA-4B11-977B-C2DD973A3E62}.Ad-Hoc|x86.ActiveCfg = Release|Any CPU
		{E1CA5910-B6CA-4B11-977B-C2DD973A3E62}.Ad-Hoc|x86.Build.0 = Release|Any CPU
		{E1CA5910-B6CA-4B11-977B-C2DD973A3E62}.Ad-Hoc|x86.Deploy.0 = Release|Any CPU
		{E1CA5910-B6CA-4B11-977B-C2DD973A3E62}.AppStore|Any CPU.ActiveCfg = Release|Any CPU
		{E1CA5910-B6CA-4B11-977B-C2DD973A3E62}.AppStore|Any CPU.Build.0 = Release|Any CPU
		{E1CA5910-B6CA-4B11-977B-C2DD973A3E62}.AppStore|Any CPU.Deploy.0 = Release|Any CPU
		{E1CA5910-B6CA-4B11-977B-C2DD973A3E62}.AppStore|ARM.ActiveCfg = Release|Any CPU
		{E1CA5910-B6CA-4B11-977B-C2DD973A3E62}.AppStore|ARM.Build.0 = Release|Any CPU
		{E1CA5910-B6CA-4B11-977B-C2DD973A3E62}.AppStore|ARM.Deploy.0 = Release|Any CPU
		{E1CA5910-B6CA-4B11-977B-C2DD973A3E62}.AppStore|iPhone.ActiveCfg = Release|Any CPU
		{E1CA5910-B6CA-4B11-977B-C2DD973A3E62}.AppStore|iPhone.Build.0 = Release|Any CPU
		{E1CA5910-B6CA-4B11-977B-C2DD973A3E62}.AppStore|iPhone.Deploy.0 = Release|Any CPU
		{E1CA5910-B6CA-4B11-977B-C2DD973A3E62}.AppStore|iPhoneSimulator.ActiveCfg = Release|Any CPU
		{E1CA5910-B6CA-4B11-977B-C2DD973A3E62}.AppStore|iPhoneSimulator.Build.0 = Release|Any CPU
		{E1CA5910-B6CA-4B11-977B-C2DD973A3E62}.AppStore|iPhoneSimulator.Deploy.0 = Release|Any CPU
		{E1CA5910-B6CA-4B11-977B-C2DD973A3E62}.AppStore|x64.ActiveCfg = Release|Any CPU
		{E1CA5910-B6CA-4B11-977B-C2DD973A3E62}.AppStore|x64.Build.0 = Release|Any CPU
		{E1CA5910-B6CA-4B11-977B-C2DD973A3E62}.AppStore|x64.Deploy.0 = Release|Any CPU
		{E1CA5910-B6CA-4B11-977B-C2DD973A3E62}.AppStore|x86.ActiveCfg = Release|Any CPU
		{E1CA5910-B6CA-4B11-977B-C2DD973A3E62}.AppStore|x86.Build.0 = Release|Any CPU
		{E1CA5910-B6CA-4B11-977B-C2DD973A3E62}.AppStore|x86.Deploy.0 = Release|Any CPU
		{E1CA5910-B6CA-4B11-977B-C2DD973A3E62}.Debug|Any CPU.ActiveCfg = Debug|Any CPU
		{E1CA5910-B6CA-4B11-977B-C2DD973A3E62}.Debug|Any CPU.Build.0 = Debug|Any CPU
		{E1CA5910-B6CA-4B11-977B-C2DD973A3E62}.Debug|Any CPU.Deploy.0 = Debug|Any CPU
		{E1CA5910-B6CA-4B11-977B-C2DD973A3E62}.Debug|ARM.ActiveCfg = Debug|Any CPU
		{E1CA5910-B6CA-4B11-977B-C2DD973A3E62}.Debug|ARM.Build.0 = Debug|Any CPU
		{E1CA5910-B6CA-4B11-977B-C2DD973A3E62}.Debug|ARM.Deploy.0 = Debug|Any CPU
		{E1CA5910-B6CA-4B11-977B-C2DD973A3E62}.Debug|iPhone.ActiveCfg = Debug|Any CPU
		{E1CA5910-B6CA-4B11-977B-C2DD973A3E62}.Debug|iPhone.Build.0 = Debug|Any CPU
		{E1CA5910-B6CA-4B11-977B-C2DD973A3E62}.Debug|iPhone.Deploy.0 = Debug|Any CPU
		{E1CA5910-B6CA-4B11-977B-C2DD973A3E62}.Debug|iPhoneSimulator.ActiveCfg = Debug|Any CPU
		{E1CA5910-B6CA-4B11-977B-C2DD973A3E62}.Debug|iPhoneSimulator.Build.0 = Debug|Any CPU
		{E1CA5910-B6CA-4B11-977B-C2DD973A3E62}.Debug|iPhoneSimulator.Deploy.0 = Debug|Any CPU
		{E1CA5910-B6CA-4B11-977B-C2DD973A3E62}.Debug|x64.ActiveCfg = Debug|Any CPU
		{E1CA5910-B6CA-4B11-977B-C2DD973A3E62}.Debug|x64.Build.0 = Debug|Any CPU
		{E1CA5910-B6CA-4B11-977B-C2DD973A3E62}.Debug|x64.Deploy.0 = Debug|Any CPU
		{E1CA5910-B6CA-4B11-977B-C2DD973A3E62}.Debug|x86.ActiveCfg = Debug|Any CPU
		{E1CA5910-B6CA-4B11-977B-C2DD973A3E62}.Debug|x86.Build.0 = Debug|Any CPU
		{E1CA5910-B6CA-4B11-977B-C2DD973A3E62}.Debug|x86.Deploy.0 = Debug|Any CPU
		{E1CA5910-B6CA-4B11-977B-C2DD973A3E62}.Release|Any CPU.ActiveCfg = Release|Any CPU
		{E1CA5910-B6CA-4B11-977B-C2DD973A3E62}.Release|Any CPU.Build.0 = Release|Any CPU
		{E1CA5910-B6CA-4B11-977B-C2DD973A3E62}.Release|Any CPU.Deploy.0 = Release|Any CPU
		{E1CA5910-B6CA-4B11-977B-C2DD973A3E62}.Release|ARM.ActiveCfg = Release|Any CPU
		{E1CA5910-B6CA-4B11-977B-C2DD973A3E62}.Release|ARM.Build.0 = Release|Any CPU
		{E1CA5910-B6CA-4B11-977B-C2DD973A3E62}.Release|ARM.Deploy.0 = Release|Any CPU
		{E1CA5910-B6CA-4B11-977B-C2DD973A3E62}.Release|iPhone.ActiveCfg = Release|Any CPU
		{E1CA5910-B6CA-4B11-977B-C2DD973A3E62}.Release|iPhone.Build.0 = Release|Any CPU
		{E1CA5910-B6CA-4B11-977B-C2DD973A3E62}.Release|iPhone.Deploy.0 = Release|Any CPU
		{E1CA5910-B6CA-4B11-977B-C2DD973A3E62}.Release|iPhoneSimulator.ActiveCfg = Release|Any CPU
		{E1CA5910-B6CA-4B11-977B-C2DD973A3E62}.Release|iPhoneSimulator.Build.0 = Release|Any CPU
		{E1CA5910-B6CA-4B11-977B-C2DD973A3E62}.Release|iPhoneSimulator.Deploy.0 = Release|Any CPU
		{E1CA5910-B6CA-4B11-977B-C2DD973A3E62}.Release|x64.ActiveCfg = Release|Any CPU
		{E1CA5910-B6CA-4B11-977B-C2DD973A3E62}.Release|x64.Build.0 = Release|Any CPU
		{E1CA5910-B6CA-4B11-977B-C2DD973A3E62}.Release|x64.Deploy.0 = Release|Any CPU
		{E1CA5910-B6CA-4B11-977B-C2DD973A3E62}.Release|x86.ActiveCfg = Release|Any CPU
		{E1CA5910-B6CA-4B11-977B-C2DD973A3E62}.Release|x86.Build.0 = Release|Any CPU
		{E1CA5910-B6CA-4B11-977B-C2DD973A3E62}.Release|x86.Deploy.0 = Release|Any CPU
		{1A397B2C-6F07-4430-A033-75700A443B9B}.Ad-Hoc|Any CPU.ActiveCfg = Ad-Hoc|iPhone
		{1A397B2C-6F07-4430-A033-75700A443B9B}.Ad-Hoc|ARM.ActiveCfg = Ad-Hoc|iPhone
		{1A397B2C-6F07-4430-A033-75700A443B9B}.Ad-Hoc|iPhone.ActiveCfg = Ad-Hoc|iPhone
		{1A397B2C-6F07-4430-A033-75700A443B9B}.Ad-Hoc|iPhone.Build.0 = Ad-Hoc|iPhone
		{1A397B2C-6F07-4430-A033-75700A443B9B}.Ad-Hoc|iPhoneSimulator.ActiveCfg = Ad-Hoc|iPhoneSimulator
		{1A397B2C-6F07-4430-A033-75700A443B9B}.Ad-Hoc|iPhoneSimulator.Build.0 = Ad-Hoc|iPhoneSimulator
		{1A397B2C-6F07-4430-A033-75700A443B9B}.Ad-Hoc|x64.ActiveCfg = Ad-Hoc|iPhone
		{1A397B2C-6F07-4430-A033-75700A443B9B}.Ad-Hoc|x86.ActiveCfg = Ad-Hoc|iPhone
		{1A397B2C-6F07-4430-A033-75700A443B9B}.AppStore|Any CPU.ActiveCfg = AppStore|iPhone
		{1A397B2C-6F07-4430-A033-75700A443B9B}.AppStore|ARM.ActiveCfg = AppStore|iPhone
		{1A397B2C-6F07-4430-A033-75700A443B9B}.AppStore|iPhone.ActiveCfg = AppStore|iPhone
		{1A397B2C-6F07-4430-A033-75700A443B9B}.AppStore|iPhone.Build.0 = AppStore|iPhone
		{1A397B2C-6F07-4430-A033-75700A443B9B}.AppStore|iPhoneSimulator.ActiveCfg = AppStore|iPhoneSimulator
		{1A397B2C-6F07-4430-A033-75700A443B9B}.AppStore|iPhoneSimulator.Build.0 = AppStore|iPhoneSimulator
		{1A397B2C-6F07-4430-A033-75700A443B9B}.AppStore|x64.ActiveCfg = AppStore|iPhone
		{1A397B2C-6F07-4430-A033-75700A443B9B}.AppStore|x86.ActiveCfg = AppStore|iPhone
		{1A397B2C-6F07-4430-A033-75700A443B9B}.Debug|Any CPU.ActiveCfg = Debug|iPhone
		{1A397B2C-6F07-4430-A033-75700A443B9B}.Debug|ARM.ActiveCfg = Debug|iPhone
		{1A397B2C-6F07-4430-A033-75700A443B9B}.Debug|iPhone.ActiveCfg = Debug|iPhone
		{1A397B2C-6F07-4430-A033-75700A443B9B}.Debug|iPhone.Build.0 = Debug|iPhone
		{1A397B2C-6F07-4430-A033-75700A443B9B}.Debug|iPhoneSimulator.ActiveCfg = Debug|iPhoneSimulator
		{1A397B2C-6F07-4430-A033-75700A443B9B}.Debug|iPhoneSimulator.Build.0 = Debug|iPhoneSimulator
		{1A397B2C-6F07-4430-A033-75700A443B9B}.Debug|x64.ActiveCfg = Debug|iPhone
		{1A397B2C-6F07-4430-A033-75700A443B9B}.Debug|x86.ActiveCfg = Debug|iPhone
		{1A397B2C-6F07-4430-A033-75700A443B9B}.Release|Any CPU.ActiveCfg = Release|iPhone
		{1A397B2C-6F07-4430-A033-75700A443B9B}.Release|ARM.ActiveCfg = Release|iPhone
		{1A397B2C-6F07-4430-A033-75700A443B9B}.Release|iPhone.ActiveCfg = Release|iPhone
		{1A397B2C-6F07-4430-A033-75700A443B9B}.Release|iPhone.Build.0 = Release|iPhone
		{1A397B2C-6F07-4430-A033-75700A443B9B}.Release|iPhoneSimulator.ActiveCfg = Release|iPhoneSimulator
		{1A397B2C-6F07-4430-A033-75700A443B9B}.Release|iPhoneSimulator.Build.0 = Release|iPhoneSimulator
		{1A397B2C-6F07-4430-A033-75700A443B9B}.Release|x64.ActiveCfg = Release|iPhone
		{1A397B2C-6F07-4430-A033-75700A443B9B}.Release|x86.ActiveCfg = Release|iPhone
	EndGlobalSection
	GlobalSection(SolutionProperties) = preSolution
		HideSolutionNode = FALSE
	EndGlobalSection
	GlobalSection(ExtensibilityGlobals) = postSolution
		SolutionGuid = {F6D05029-56B8-4E45-AF2D-0E76295DDBA2}
	EndGlobalSection
EndGlobal
