
Microsoft Visual Studio Solution File, Format Version 12.00
# Visual Studio Version 16
VisualStudioVersion = 16.0.28315.86
MinimumVisualStudioVersion = 10.0.40219.1
Project("{FAE04EC0-301F-11D3-BF4B-00C04F79EFBC}") = "CustomServiceSample", "CustomServiceSample\CustomServiceSample\CustomServiceSample.csproj", "{A9FB72E1-1192-4457-8D59-154E4AEDFE2B}"
EndProject
Project("{FAE04EC0-301F-11D3-BF4B-00C04F79EFBC}") = "CustomServiceSample.iOS", "CustomServiceSample\CustomServiceSample.iOS\CustomServiceSample.iOS.csproj", "{61FA013B-179A-4266-9E20-1E4F319641DD}"
EndProject
Project("{FAE04EC0-301F-11D3-BF4B-00C04F79EFBC}") = "CustomServiceSample.Android", "CustomServiceSample\CustomServiceSample.Android\CustomServiceSample.Android.csproj", "{E6A2B3E8-6814-4989-840E-EBADFC0F39E7}"
EndProject
Project("{FAE04EC0-301F-11D3-BF4B-00C04F79EFBC}") = "CustomServiceSample.iOS", "CustomServiceSample\CustomServiceSample.iOS\CustomServiceSample.iOS.csproj", "{61FA013B-179A-4266-9E20-1E4F319641DD}"
EndProject
Global
	GlobalSection(SolutionConfigurationPlatforms) = preSolution
		Ad-Hoc|Any CPU = Ad-Hoc|Any CPU
		Ad-Hoc|iPhone = Ad-Hoc|iPhone
		Ad-Hoc|iPhoneSimulator = Ad-Hoc|iPhoneSimulator
		AppStore|Any CPU = AppStore|Any CPU
		AppStore|iPhone = AppStore|iPhone
		AppStore|iPhoneSimulator = AppStore|iPhoneSimulator
		Debug|Any CPU = Debug|Any CPU
		Debug|iPhone = Debug|iPhone
		Debug|iPhoneSimulator = Debug|iPhoneSimulator
		Release|Any CPU = Release|Any CPU
		Release|iPhone = Release|iPhone
		Release|iPhoneSimulator = Release|iPhoneSimulator
	EndGlobalSection
	GlobalSection(ProjectConfigurationPlatforms) = postSolution
		{A9FB72E1-1192-4457-8D59-154E4AEDFE2B}.Ad-Hoc|Any CPU.ActiveCfg = Debug|Any CPU
		{A9FB72E1-1192-4457-8D59-154E4AEDFE2B}.Ad-Hoc|Any CPU.Build.0 = Debug|Any CPU
		{A9FB72E1-1192-4457-8D59-154E4AEDFE2B}.Ad-Hoc|Any CPU.Deploy.0 = Debug|Any CPU
		{A9FB72E1-1192-4457-8D59-154E4AEDFE2B}.Ad-Hoc|iPhone.ActiveCfg = Debug|Any CPU
		{A9FB72E1-1192-4457-8D59-154E4AEDFE2B}.Ad-Hoc|iPhone.Build.0 = Debug|Any CPU
		{A9FB72E1-1192-4457-8D59-154E4AEDFE2B}.Ad-Hoc|iPhone.Deploy.0 = Debug|Any CPU
		{A9FB72E1-1192-4457-8D59-154E4AEDFE2B}.Ad-Hoc|iPhoneSimulator.ActiveCfg = Debug|Any CPU
		{A9FB72E1-1192-4457-8D59-154E4AEDFE2B}.Ad-Hoc|iPhoneSimulator.Build.0 = Debug|Any CPU
		{A9FB72E1-1192-4457-8D59-154E4AEDFE2B}.Ad-Hoc|iPhoneSimulator.Deploy.0 = Debug|Any CPU
		{A9FB72E1-1192-4457-8D59-154E4AEDFE2B}.AppStore|Any CPU.ActiveCfg = Debug|Any CPU
		{A9FB72E1-1192-4457-8D59-154E4AEDFE2B}.AppStore|Any CPU.Build.0 = Debug|Any CPU
		{A9FB72E1-1192-4457-8D59-154E4AEDFE2B}.AppStore|Any CPU.Deploy.0 = Debug|Any CPU
		{A9FB72E1-1192-4457-8D59-154E4AEDFE2B}.AppStore|iPhone.ActiveCfg = Debug|Any CPU
		{A9FB72E1-1192-4457-8D59-154E4AEDFE2B}.AppStore|iPhone.Build.0 = Debug|Any CPU
		{A9FB72E1-1192-4457-8D59-154E4AEDFE2B}.AppStore|iPhone.Deploy.0 = Debug|Any CPU
		{A9FB72E1-1192-4457-8D59-154E4AEDFE2B}.AppStore|iPhoneSimulator.ActiveCfg = Debug|Any CPU
		{A9FB72E1-1192-4457-8D59-154E4AEDFE2B}.AppStore|iPhoneSimulator.Build.0 = Debug|Any CPU
		{A9FB72E1-1192-4457-8D59-154E4AEDFE2B}.AppStore|iPhoneSimulator.Deploy.0 = Debug|Any CPU
		{A9FB72E1-1192-4457-8D59-154E4AEDFE2B}.Debug|Any CPU.ActiveCfg = Debug|Any CPU
		{A9FB72E1-1192-4457-8D59-154E4AEDFE2B}.Debug|Any CPU.Build.0 = Debug|Any CPU
		{A9FB72E1-1192-4457-8D59-154E4AEDFE2B}.Debug|Any CPU.Deploy.0 = Debug|Any CPU
		{A9FB72E1-1192-4457-8D59-154E4AEDFE2B}.Debug|iPhone.ActiveCfg = Debug|Any CPU
		{A9FB72E1-1192-4457-8D59-154E4AEDFE2B}.Debug|iPhone.Build.0 = Debug|Any CPU
		{A9FB72E1-1192-4457-8D59-154E4AEDFE2B}.Debug|iPhone.Deploy.0 = Debug|Any CPU
		{A9FB72E1-1192-4457-8D59-154E4AEDFE2B}.Debug|iPhoneSimulator.ActiveCfg = Debug|Any CPU
		{A9FB72E1-1192-4457-8D59-154E4AEDFE2B}.Debug|iPhoneSimulator.Build.0 = Debug|Any CPU
		{A9FB72E1-1192-4457-8D59-154E4AEDFE2B}.Debug|iPhoneSimulator.Deploy.0 = Debug|Any CPU
		{A9FB72E1-1192-4457-8D59-154E4AEDFE2B}.Release|Any CPU.ActiveCfg = Release|Any CPU
		{A9FB72E1-1192-4457-8D59-154E4AEDFE2B}.Release|Any CPU.Build.0 = Release|Any CPU
		{A9FB72E1-1192-4457-8D59-154E4AEDFE2B}.Release|Any CPU.Deploy.0 = Release|Any CPU
		{A9FB72E1-1192-4457-8D59-154E4AEDFE2B}.Release|iPhone.ActiveCfg = Release|Any CPU
		{A9FB72E1-1192-4457-8D59-154E4AEDFE2B}.Release|iPhone.Build.0 = Release|Any CPU
		{A9FB72E1-1192-4457-8D59-154E4AEDFE2B}.Release|iPhone.Deploy.0 = Release|Any CPU
		{A9FB72E1-1192-4457-8D59-154E4AEDFE2B}.Release|iPhoneSimulator.ActiveCfg = Release|Any CPU
		{A9FB72E1-1192-4457-8D59-154E4AEDFE2B}.Release|iPhoneSimulator.Build.0 = Release|Any CPU
		{A9FB72E1-1192-4457-8D59-154E4AEDFE2B}.Release|iPhoneSimulator.Deploy.0 = Release|Any CPU
		{61FA013B-179A-4266-9E20-1E4F319641DD}.Ad-Hoc|Any CPU.ActiveCfg = Ad-Hoc|iPhone
		{61FA013B-179A-4266-9E20-1E4F319641DD}.Ad-Hoc|iPhone.ActiveCfg = Ad-Hoc|iPhone
		{61FA013B-179A-4266-9E20-1E4F319641DD}.Ad-Hoc|iPhone.Build.0 = Ad-Hoc|iPhone
		{61FA013B-179A-4266-9E20-1E4F319641DD}.Ad-Hoc|iPhoneSimulator.ActiveCfg = Ad-Hoc|iPhoneSimulator
		{61FA013B-179A-4266-9E20-1E4F319641DD}.Ad-Hoc|iPhoneSimulator.Build.0 = Ad-Hoc|iPhoneSimulator
		{61FA013B-179A-4266-9E20-1E4F319641DD}.AppStore|Any CPU.ActiveCfg = AppStore|iPhone
		{61FA013B-179A-4266-9E20-1E4F319641DD}.AppStore|iPhone.ActiveCfg = AppStore|iPhone
		{61FA013B-179A-4266-9E20-1E4F319641DD}.AppStore|iPhone.Build.0 = AppStore|iPhone
		{61FA013B-179A-4266-9E20-1E4F319641DD}.AppStore|iPhoneSimulator.ActiveCfg = AppStore|iPhoneSimulator
		{61FA013B-179A-4266-9E20-1E4F319641DD}.AppStore|iPhoneSimulator.Build.0 = AppStore|iPhoneSimulator
		{61FA013B-179A-4266-9E20-1E4F319641DD}.Debug|Any CPU.ActiveCfg = Debug|iPhone
		{61FA013B-179A-4266-9E20-1E4F319641DD}.Debug|iPhone.ActiveCfg = Debug|iPhone
		{61FA013B-179A-4266-9E20-1E4F319641DD}.Debug|iPhone.Build.0 = Debug|iPhone
		{61FA013B-179A-4266-9E20-1E4F319641DD}.Debug|iPhoneSimulator.ActiveCfg = Debug|iPhoneSimulator
		{61FA013B-179A-4266-9E20-1E4F319641DD}.Debug|iPhoneSimulator.Build.0 = Debug|iPhoneSimulator
		{61FA013B-179A-4266-9E20-1E4F319641DD}.Release|Any CPU.ActiveCfg = Release|iPhone
		{61FA013B-179A-4266-9E20-1E4F319641DD}.Release|iPhone.ActiveCfg = Release|iPhone
		{61FA013B-179A-4266-9E20-1E4F319641DD}.Release|iPhone.Build.0 = Release|iPhone
		{61FA013B-179A-4266-9E20-1E4F319641DD}.Release|iPhoneSimulator.ActiveCfg = Release|iPhoneSimulator
		{61FA013B-179A-4266-9E20-1E4F319641DD}.Release|iPhoneSimulator.Build.0 = Release|iPhoneSimulator
	EndGlobalSection
	GlobalSection(SolutionProperties) = preSolution
		HideSolutionNode = FALSE
	EndGlobalSection
	GlobalSection(ExtensibilityGlobals) = postSolution
		SolutionGuid = {906B780C-81E6-44A5-81CA-6E91907D966B}
	EndGlobalSection
EndGlobal
