
Microsoft Visual Studio Solution File, Format Version 12.00
# Visual Studio 15
VisualStudioVersion = 15.0.27428.2037
MinimumVisualStudioVersion = 10.0.40219.1
Project("{FAE04EC0-301F-11D3-BF4B-00C04F79EFBC}") = "MovesenseBindingAndroid", "MovesenseBindingAndroid\MovesenseBindingAndroid.csproj", "{C35A69C9-32C6-44E0-9097-3F3ED7CDDCBD}"
EndProject
Global
	GlobalSection(SolutionConfigurationPlatforms) = preSolution
		Debug|Any CPU = Debug|Any CPU
		Release|Any CPU = Release|Any CPU
	EndGlobalSection
	GlobalSection(ProjectConfigurationPlatforms) = postSolution
		{C35A69C9-32C6-44E0-9097-3F3ED7CDDCBD}.Debug|Any CPU.ActiveCfg = Debug|Any CPU
		{C35A69C9-32C6-44E0-9097-3F3ED7CDDCBD}.Debug|Any CPU.Build.0 = Debug|Any CPU
		{C35A69C9-32C6-44E0-9097-3F3ED7CDDCBD}.Release|Any CPU.ActiveCfg = Release|Any CPU
		{C35A69C9-32C6-44E0-9097-3F3ED7CDDCBD}.Release|Any CPU.Build.0 = Release|Any CPU
	EndGlobalSection
	GlobalSection(SolutionProperties) = preSolution
		HideSolutionNode = FALSE
	EndGlobalSection
	GlobalSection(ExtensibilityGlobals) = postSolution
		SolutionGuid = {F27CE037-24B7-4B76-8327-F0FAF65C68EA}
	EndGlobalSection
EndGlobal
